// !$*UTF8*$!
{
	archiveVersion = 1;
	classes = {
	};
	objectVersion = 56;
	objects = {

/* Begin PBXBuildFile section */
		C00F90C02CE75EC800B7DD62 /* NetworkLogger.swift in Sources */ = {isa = PBXBuildFile; fileRef = C00F90BF2CE75EC800B7DD62 /* NetworkLogger.swift */; };
		C0327C7C2CE5870A00AEAEE1 /* UIView+.swift in Sources */ = {isa = PBXBuildFile; fileRef = C0327C7B2CE5870A00AEAEE1 /* UIView+.swift */; };
		C0BF42882CE211BB00C5B5B4 /* ChannelView.swift in Sources */ = {isa = PBXBuildFile; fileRef = C0BF42872CE211BB00C5B5B4 /* ChannelView.swift */; };
		C0BF428B2CE4721600C5B5B4 /* Differentiator in Frameworks */ = {isa = PBXBuildFile; productRef = C0BF428A2CE4721600C5B5B4 /* Differentiator */; };
		C0BF428D2CE4721600C5B5B4 /* RxDataSources in Frameworks */ = {isa = PBXBuildFile; productRef = C0BF428C2CE4721600C5B5B4 /* RxDataSources */; };
		C0BF428F2CE473BF00C5B5B4 /* ChannelTitleTableViewCell.swift in Sources */ = {isa = PBXBuildFile; fileRef = C0BF428E2CE473BF00C5B5B4 /* ChannelTitleTableViewCell.swift */; };
		C0BF42912CE4774B00C5B5B4 /* ReadChannelTableViewCell.swift in Sources */ = {isa = PBXBuildFile; fileRef = C0BF42902CE4774B00C5B5B4 /* ReadChannelTableViewCell.swift */; };
		C0BF42932CE47A6100C5B5B4 /* UnreadChannelTableViewCell.swift in Sources */ = {isa = PBXBuildFile; fileRef = C0BF42922CE47A6100C5B5B4 /* UnreadChannelTableViewCell.swift */; };
		C0BF42952CE4D71E00C5B5B4 /* ChannelSectionModel.swift in Sources */ = {isa = PBXBuildFile; fileRef = C0BF42942CE4D71E00C5B5B4 /* ChannelSectionModel.swift */; };
		C0EA66802CE7227D00401F92 /* ChannelAddTableViewCell.swift in Sources */ = {isa = PBXBuildFile; fileRef = C0EA667F2CE7227D00401F92 /* ChannelAddTableViewCell.swift */; };
		C908280E2CDA650B0096BA0D /* SettingViewEmpty in Resources */ = {isa = PBXBuildFile; fileRef = C908280D2CDA650B0096BA0D /* SettingViewEmpty */; };
		C90828102CDA651E0096BA0D /* AuthViewEmpty in Resources */ = {isa = PBXBuildFile; fileRef = C908280F2CDA651E0096BA0D /* AuthViewEmpty */; };
		C908284D2CDA6B760096BA0D /* RxCocoa in Frameworks */ = {isa = PBXBuildFile; productRef = C908284C2CDA6B760096BA0D /* RxCocoa */; };
		C908284F2CDA6B760096BA0D /* RxSwift in Frameworks */ = {isa = PBXBuildFile; productRef = C908284E2CDA6B760096BA0D /* RxSwift */; };
		C90828522CDA6BD90096BA0D /* Alamofire in Frameworks */ = {isa = PBXBuildFile; productRef = C90828512CDA6BD90096BA0D /* Alamofire */; };
		C90828552CDA6D6E0096BA0D /* Nuke in Frameworks */ = {isa = PBXBuildFile; productRef = C90828542CDA6D6E0096BA0D /* Nuke */; };
		C90828582CDA6D910096BA0D /* SnapKit in Frameworks */ = {isa = PBXBuildFile; productRef = C90828572CDA6D910096BA0D /* SnapKit */; };
		C908285B2CDA6E940096BA0D /* RealmSwift in Frameworks */ = {isa = PBXBuildFile; productRef = C908285A2CDA6E940096BA0D /* RealmSwift */; };
		C908285F2CDA72B50096BA0D /* .swiftlint.yml in Resources */ = {isa = PBXBuildFile; fileRef = C908285E2CDA72B50096BA0D /* .swiftlint.yml */; };
		C90828622CDA75CF0096BA0D /* RxKakaoSDKAuth in Frameworks */ = {isa = PBXBuildFile; productRef = C90828612CDA75CF0096BA0D /* RxKakaoSDKAuth */; };
		C90828642CDA75CF0096BA0D /* RxKakaoSDKCommon in Frameworks */ = {isa = PBXBuildFile; productRef = C90828632CDA75CF0096BA0D /* RxKakaoSDKCommon */; };
		C90828662CDA780D0096BA0D /* Localizable.xcstrings in Resources */ = {isa = PBXBuildFile; fileRef = C90828652CDA780D0096BA0D /* Localizable.xcstrings */; };
		C90828682CDA78770096BA0D /* String+.swift in Sources */ = {isa = PBXBuildFile; fileRef = C90828672CDA78770096BA0D /* String+.swift */; };
		C91BBBF32CE33FF3001EFC70 /* Reactive+.swift in Sources */ = {isa = PBXBuildFile; fileRef = C91BBBF22CE33FF3001EFC70 /* Reactive+.swift */; };
		C91BBBF72CE358C8001EFC70 /* UnderlineSegmentedControl.swift in Sources */ = {isa = PBXBuildFile; fileRef = C91BBBF62CE358C8001EFC70 /* UnderlineSegmentedControl.swift */; };
		C91BBC052CE37093001EFC70 /* SearchResultView.swift in Sources */ = {isa = PBXBuildFile; fileRef = C91BBC042CE37093001EFC70 /* SearchResultView.swift */; };
		C91BBC072CE37265001EFC70 /* SearchImageType.swift in Sources */ = {isa = PBXBuildFile; fileRef = C91BBC062CE37265001EFC70 /* SearchImageType.swift */; };
		C91BBC082CE396B6001EFC70 /* Pretendard-Bold.otf in Resources */ = {isa = PBXBuildFile; fileRef = C9F96D632CDD28D000271295 /* Pretendard-Bold.otf */; };
		C91BBC092CE396B6001EFC70 /* Pretendard-Medium.otf in Resources */ = {isa = PBXBuildFile; fileRef = C9F96D622CDD28D000271295 /* Pretendard-Medium.otf */; };
		C91BBC0B2CE3B162001EFC70 /* AlertType.swift in Sources */ = {isa = PBXBuildFile; fileRef = C91BBC0A2CE3B162001EFC70 /* AlertType.swift */; };
		C91BBC112CE3B416001EFC70 /* RoundedButton.swift in Sources */ = {isa = PBXBuildFile; fileRef = C91BBC102CE3B416001EFC70 /* RoundedButton.swift */; };
		C91BBC132CE3B62D001EFC70 /* RoundedButtonType.swift in Sources */ = {isa = PBXBuildFile; fileRef = C91BBC122CE3B62D001EFC70 /* RoundedButtonType.swift */; };
		C91BBC152CE472CA001EFC70 /* ChannelSettingCell.swift in Sources */ = {isa = PBXBuildFile; fileRef = C91BBC142CE472CA001EFC70 /* ChannelSettingCell.swift */; };
		C91BBC172CE47F66001EFC70 /* ChannelSettingTopView.swift in Sources */ = {isa = PBXBuildFile; fileRef = C91BBC162CE47F66001EFC70 /* ChannelSettingTopView.swift */; };
		C91BBC192CE487BA001EFC70 /* ChannelSettingBottomView.swift in Sources */ = {isa = PBXBuildFile; fileRef = C91BBC182CE487BA001EFC70 /* ChannelSettingBottomView.swift */; };
		C91BBC1B2CE48E7B001EFC70 /* ChannelSettingMiddleView.swift in Sources */ = {isa = PBXBuildFile; fileRef = C91BBC1A2CE48E7B001EFC70 /* ChannelSettingMiddleView.swift */; };
		C91BBC1D2CE49366001EFC70 /* ChannelSettingViewController.swift in Sources */ = {isa = PBXBuildFile; fileRef = C91BBC1C2CE49366001EFC70 /* ChannelSettingViewController.swift */; };
		C91BBC1F2CE4B213001EFC70 /* ChannelSettingViewModel.swift in Sources */ = {isa = PBXBuildFile; fileRef = C91BBC1E2CE4B213001EFC70 /* ChannelSettingViewModel.swift */; };
		C91BBC212CE4C7A7001EFC70 /* ChannelAdminTableViewCell.swift in Sources */ = {isa = PBXBuildFile; fileRef = C91BBC202CE4C7A7001EFC70 /* ChannelAdminTableViewCell.swift */; };
		C91BBC232CE4CF97001EFC70 /* ChannelAdminViewController.swift in Sources */ = {isa = PBXBuildFile; fileRef = C91BBC222CE4CF97001EFC70 /* ChannelAdminViewController.swift */; };
		C91BBC252CE4D25C001EFC70 /* ChangeAdminViewModel.swift in Sources */ = {isa = PBXBuildFile; fileRef = C91BBC242CE4D25C001EFC70 /* ChangeAdminViewModel.swift */; };
		C91BBC272CE4E343001EFC70 /* ModalNavigationView.swift in Sources */ = {isa = PBXBuildFile; fileRef = C91BBC262CE4E343001EFC70 /* ModalNavigationView.swift */; };
		C91BBC292CE4F370001EFC70 /* TitledTextField.swift in Sources */ = {isa = PBXBuildFile; fileRef = C91BBC282CE4F370001EFC70 /* TitledTextField.swift */; };
		C91BBC2B2CE4F7F0001EFC70 /* InviteMemberViewController.swift in Sources */ = {isa = PBXBuildFile; fileRef = C91BBC2A2CE4F7F0001EFC70 /* InviteMemberViewController.swift */; };
		C91BBC2D2CE4F830001EFC70 /* InviteMemberViewModel.swift in Sources */ = {isa = PBXBuildFile; fileRef = C91BBC2C2CE4F830001EFC70 /* InviteMemberViewModel.swift */; };
		C957EA672CE2095300B62A2A /* UIViewController+.swift in Sources */ = {isa = PBXBuildFile; fileRef = C957EA662CE2095300B62A2A /* UIViewController+.swift */; };
		C957EA692CE20C2300B62A2A /* SearchEmptyView.swift in Sources */ = {isa = PBXBuildFile; fileRef = C957EA682CE20C2300B62A2A /* SearchEmptyView.swift */; };
		C957EA6D2CE21B2500B62A2A /* SearchState.swift in Sources */ = {isa = PBXBuildFile; fileRef = C957EA6C2CE21B2500B62A2A /* SearchState.swift */; };
		C957EA6F2CE21F8A00B62A2A /* RecentSearchTableView.swift in Sources */ = {isa = PBXBuildFile; fileRef = C957EA6E2CE21F8A00B62A2A /* RecentSearchTableView.swift */; };
		C957EA712CE21FD800B62A2A /* SearchItemTableViewCell.swift in Sources */ = {isa = PBXBuildFile; fileRef = C957EA702CE21FD800B62A2A /* SearchItemTableViewCell.swift */; };
		C96C72952CDAF9CA00E0D6CF /* BaseView.swift in Sources */ = {isa = PBXBuildFile; fileRef = C96C72942CDAF9CA00E0D6CF /* BaseView.swift */; };
		C96C72972CDAF9D100E0D6CF /* BaseViewController.swift in Sources */ = {isa = PBXBuildFile; fileRef = C96C72962CDAF9D100E0D6CF /* BaseViewController.swift */; };
		C96C72992CDAF9EA00E0D6CF /* BaseNavigationViewController.swift in Sources */ = {isa = PBXBuildFile; fileRef = C96C72982CDAF9EA00E0D6CF /* BaseNavigationViewController.swift */; };
		C96C729B2CDB289400E0D6CF /* BaseCollectionViewCell.swift in Sources */ = {isa = PBXBuildFile; fileRef = C96C729A2CDB289400E0D6CF /* BaseCollectionViewCell.swift */; };
		C96C729D2CDB28B400E0D6CF /* BaseTableViewCell.swift in Sources */ = {isa = PBXBuildFile; fileRef = C96C729C2CDB28B400E0D6CF /* BaseTableViewCell.swift */; };
		C96C729F2CDB28F500E0D6CF /* Reusables.swift in Sources */ = {isa = PBXBuildFile; fileRef = C96C729E2CDB28F500E0D6CF /* Reusables.swift */; };
		C98363DC2CE58AA200AC51CA /* ProfileViewController.swift in Sources */ = {isa = PBXBuildFile; fileRef = C98363DB2CE58AA200AC51CA /* ProfileViewController.swift */; };
		C98363DE2CE58AD400AC51CA /* ProfileViewModel.swift in Sources */ = {isa = PBXBuildFile; fileRef = C98363DD2CE58AD400AC51CA /* ProfileViewModel.swift */; };
		C98363E02CE59F7E00AC51CA /* ProfileBottomView.swift in Sources */ = {isa = PBXBuildFile; fileRef = C98363DF2CE59F7E00AC51CA /* ProfileBottomView.swift */; };
		C98363E42CE5A3E800AC51CA /* SystemImageLabelView.swift in Sources */ = {isa = PBXBuildFile; fileRef = C98363E32CE5A3E800AC51CA /* SystemImageLabelView.swift */; };
		C9C27A042CDA315500243744 /* AppDelegate.swift in Sources */ = {isa = PBXBuildFile; fileRef = C9C27A032CDA315500243744 /* AppDelegate.swift */; };
		C9C27A062CDA315500243744 /* SceneDelegate.swift in Sources */ = {isa = PBXBuildFile; fileRef = C9C27A052CDA315500243744 /* SceneDelegate.swift */; };
		C9C27A102CDA315600243744 /* Assets.xcassets in Resources */ = {isa = PBXBuildFile; fileRef = C9C27A0F2CDA315600243744 /* Assets.xcassets */; };
		C9C27A132CDA315600243744 /* Base in Resources */ = {isa = PBXBuildFile; fileRef = C9C27A122CDA315600243744 /* Base */; };
		C9F20F3A2CDB5F070043351E /* TabKind.swift in Sources */ = {isa = PBXBuildFile; fileRef = C9F20F392CDB5F070043351E /* TabKind.swift */; };
		C9F20F3C2CDB5FFD0043351E /* TabBarViewController.swift in Sources */ = {isa = PBXBuildFile; fileRef = C9F20F3B2CDB5FFD0043351E /* TabBarViewController.swift */; };
		C9F20F422CDB61F50043351E /* HomeViewController.swift in Sources */ = {isa = PBXBuildFile; fileRef = C9F20F412CDB61F50043351E /* HomeViewController.swift */; };
		C9F20F442CDB62530043351E /* HomeViewModel.swift in Sources */ = {isa = PBXBuildFile; fileRef = C9F20F432CDB62530043351E /* HomeViewModel.swift */; };
		C9F20F462CDB625A0043351E /* ViewModelType.swift in Sources */ = {isa = PBXBuildFile; fileRef = C9F20F452CDB625A0043351E /* ViewModelType.swift */; };
		C9F20F4C2CDB64070043351E /* SearchViewController.swift in Sources */ = {isa = PBXBuildFile; fileRef = C9F20F4B2CDB64070043351E /* SearchViewController.swift */; };
		C9F20F4E2CDB64330043351E /* SearchViewModel.swift in Sources */ = {isa = PBXBuildFile; fileRef = C9F20F4D2CDB64330043351E /* SearchViewModel.swift */; };
		C9F20F502CDB64770043351E /* SettingViewController.swift in Sources */ = {isa = PBXBuildFile; fileRef = C9F20F4F2CDB64770043351E /* SettingViewController.swift */; };
		C9F20F522CDB64890043351E /* SettingViewModel.swift in Sources */ = {isa = PBXBuildFile; fileRef = C9F20F512CDB64890043351E /* SettingViewModel.swift */; };
		C9F20F542CDB64C10043351E /* AuthViewModel.swift in Sources */ = {isa = PBXBuildFile; fileRef = C9F20F532CDB64C10043351E /* AuthViewModel.swift */; };
		C9F20F562CDB64D30043351E /* AuthViewController.swift in Sources */ = {isa = PBXBuildFile; fileRef = C9F20F552CDB64D30043351E /* AuthViewController.swift */; };
		C9F20F582CDB65AC0043351E /* Coordinator.swift in Sources */ = {isa = PBXBuildFile; fileRef = C9F20F572CDB65AC0043351E /* Coordinator.swift */; };
		C9F20F5A2CDB66270043351E /* AppCoordinator.swift in Sources */ = {isa = PBXBuildFile; fileRef = C9F20F592CDB66270043351E /* AppCoordinator.swift */; };
		C9F20F5C2CDB6DB60043351E /* TabBarCoordinator.swift in Sources */ = {isa = PBXBuildFile; fileRef = C9F20F5B2CDB6DB60043351E /* TabBarCoordinator.swift */; };
		C9F20F5E2CDB6E6C0043351E /* HomeCoordinator.swift in Sources */ = {isa = PBXBuildFile; fileRef = C9F20F5D2CDB6E6C0043351E /* HomeCoordinator.swift */; };
		C9F20F602CDB6E7E0043351E /* DefaultHomeCoordinator.swift in Sources */ = {isa = PBXBuildFile; fileRef = C9F20F5F2CDB6E7E0043351E /* DefaultHomeCoordinator.swift */; };
		C9F20F622CDB70730043351E /* DMCoordinator.swift in Sources */ = {isa = PBXBuildFile; fileRef = C9F20F612CDB70730043351E /* DMCoordinator.swift */; };
		C9F20F642CDB709A0043351E /* DefaultDMCoordinator.swift in Sources */ = {isa = PBXBuildFile; fileRef = C9F20F632CDB709A0043351E /* DefaultDMCoordinator.swift */; };
		C9F20F662CDB72A60043351E /* SearchCoordinator.swift in Sources */ = {isa = PBXBuildFile; fileRef = C9F20F652CDB72A60043351E /* SearchCoordinator.swift */; };
		C9F20F682CDB72C30043351E /* DefaultSearchCoordinator.swift in Sources */ = {isa = PBXBuildFile; fileRef = C9F20F672CDB72C30043351E /* DefaultSearchCoordinator.swift */; };
		C9F20F6A2CDB73330043351E /* SettingCoordinator.swift in Sources */ = {isa = PBXBuildFile; fileRef = C9F20F692CDB73330043351E /* SettingCoordinator.swift */; };
		C9F20F6C2CDB73470043351E /* DefaultSettingCoordinator.swift in Sources */ = {isa = PBXBuildFile; fileRef = C9F20F6B2CDB73470043351E /* DefaultSettingCoordinator.swift */; };
		C9F20F6E2CDB743D0043351E /* AuthCoordinator.swift in Sources */ = {isa = PBXBuildFile; fileRef = C9F20F6D2CDB743D0043351E /* AuthCoordinator.swift */; };
		C9F20F702CDB74550043351E /* DefaultAuthCoordinator.swift in Sources */ = {isa = PBXBuildFile; fileRef = C9F20F6F2CDB74550043351E /* DefaultAuthCoordinator.swift */; };
		C9F96D402CDCE51600271295 /* DIContainer.swift in Sources */ = {isa = PBXBuildFile; fileRef = C9F96D3F2CDCE51600271295 /* DIContainer.swift */; };
		C9F96D422CDCE5E300271295 /* Dependency.swift in Sources */ = {isa = PBXBuildFile; fileRef = C9F96D412CDCE5E300271295 /* Dependency.swift */; };
		C9F96D5D2CDD26F800271295 /* UserDefaultsEmpty in Resources */ = {isa = PBXBuildFile; fileRef = C9F96D5C2CDD26F800271295 /* UserDefaultsEmpty */; };
		C9F96D652CDD295300271295 /* UIFont+.swift in Sources */ = {isa = PBXBuildFile; fileRef = C9F96D642CDD295300271295 /* UIFont+.swift */; };
		C9F96D672CDD2A5400271295 /* AppDelegate+Register.swift in Sources */ = {isa = PBXBuildFile; fileRef = C9F96D662CDD2A5400271295 /* AppDelegate+Register.swift */; };
		DC213A802CE1EEAF00E2A2F7 /* Secrets.xcconfig in Resources */ = {isa = PBXBuildFile; fileRef = DC213A7F2CE1EEAE00E2A2F7 /* Secrets.xcconfig */; };
		DC213A822CE1F6F200E2A2F7 /* DMListTableViewCell.swift in Sources */ = {isa = PBXBuildFile; fileRef = DC213A812CE1F6F200E2A2F7 /* DMListTableViewCell.swift */; };
		DC213A842CE23E1B00E2A2F7 /* MessageCountView.swift in Sources */ = {isa = PBXBuildFile; fileRef = DC213A832CE23E1B00E2A2F7 /* MessageCountView.swift */; };
		DC213A862CE307F200E2A2F7 /* DMChattingViewController.swift in Sources */ = {isa = PBXBuildFile; fileRef = DC213A852CE307F200E2A2F7 /* DMChattingViewController.swift */; };
		DC213A882CE3086300E2A2F7 /* DMChattingTableViewCell.swift in Sources */ = {isa = PBXBuildFile; fileRef = DC213A872CE3086300E2A2F7 /* DMChattingTableViewCell.swift */; };
		DC213A8A2CE3190700E2A2F7 /* SpeechBubbleView.swift in Sources */ = {isa = PBXBuildFile; fileRef = DC213A892CE3190700E2A2F7 /* SpeechBubbleView.swift */; };
		DC213A8C2CE31B9A00E2A2F7 /* DMChattingViewModel.swift in Sources */ = {isa = PBXBuildFile; fileRef = DC213A8B2CE31B9A00E2A2F7 /* DMChattingViewModel.swift */; };
		DC213A8E2CE32C3E00E2A2F7 /* NetworkService.swift in Sources */ = {isa = PBXBuildFile; fileRef = DC213A8D2CE32C3E00E2A2F7 /* NetworkService.swift */; };
		DC213A902CE32C4500E2A2F7 /* LogInRouter.swift in Sources */ = {isa = PBXBuildFile; fileRef = DC213A8F2CE32C4500E2A2F7 /* LogInRouter.swift */; };
		DC213A922CE332A000E2A2F7 /* TargetType.swift in Sources */ = {isa = PBXBuildFile; fileRef = DC213A912CE332A000E2A2F7 /* TargetType.swift */; };
		DC213A942CE365D000E2A2F7 /* Header.swift in Sources */ = {isa = PBXBuildFile; fileRef = DC213A932CE365D000E2A2F7 /* Header.swift */; };
		DC213A962CE3668700E2A2F7 /* APIKey.swift in Sources */ = {isa = PBXBuildFile; fileRef = DC213A952CE3668700E2A2F7 /* APIKey.swift */; };
		DC213A9F2CE36CA700E2A2F7 /* DMList.swift in Sources */ = {isa = PBXBuildFile; fileRef = DC213A9E2CE36CA700E2A2F7 /* DMList.swift */; };
		DC213AA22CE36E0700E2A2F7 /* DMListDTO.swift in Sources */ = {isa = PBXBuildFile; fileRef = DC213AA12CE36E0700E2A2F7 /* DMListDTO.swift */; };
		DC213AA42CE3744300E2A2F7 /* DMUseCaseInterface.swift in Sources */ = {isa = PBXBuildFile; fileRef = DC213AA32CE3744300E2A2F7 /* DMUseCaseInterface.swift */; };
		DC213AA62CE374A700E2A2F7 /* DefaultDMUseCase.swift in Sources */ = {isa = PBXBuildFile; fileRef = DC213AA52CE374A700E2A2F7 /* DefaultDMUseCase.swift */; };
		DC213AA82CE4632F00E2A2F7 /* AuthIntercepter.swift in Sources */ = {isa = PBXBuildFile; fileRef = DC213AA72CE4632F00E2A2F7 /* AuthIntercepter.swift */; };
		DC213AAA2CE4742F00E2A2F7 /* KeyChainManager.swift in Sources */ = {isa = PBXBuildFile; fileRef = DC213AA92CE4742F00E2A2F7 /* KeyChainManager.swift */; };
		DC213AAC2CE47A8900E2A2F7 /* LoginQuery.swift in Sources */ = {isa = PBXBuildFile; fileRef = DC213AAB2CE47A8900E2A2F7 /* LoginQuery.swift */; };
		DC213AAF2CE4848B00E2A2F7 /* AccessTokenDTO.swift in Sources */ = {isa = PBXBuildFile; fileRef = DC213AAE2CE4848B00E2A2F7 /* AccessTokenDTO.swift */; };
		DC213AB22CE484BE00E2A2F7 /* AccessToken.swift in Sources */ = {isa = PBXBuildFile; fileRef = DC213AB12CE484BE00E2A2F7 /* AccessToken.swift */; };
		DC213AB52CE4876700E2A2F7 /* LogInDTO.swift in Sources */ = {isa = PBXBuildFile; fileRef = DC213AB42CE4876600E2A2F7 /* LogInDTO.swift */; };
		DC213AB82CE6186800E2A2F7 /* DMListViewController.swift in Sources */ = {isa = PBXBuildFile; fileRef = C9F20F472CDB63640043351E /* DMListViewController.swift */; };
		DC213AB92CE6186800E2A2F7 /* DMListViewModel.swift in Sources */ = {isa = PBXBuildFile; fileRef = C9F20F492CDB63780043351E /* DMListViewModel.swift */; };
		DC9375602CEC67D900012F43 /* RealmTable.swift in Sources */ = {isa = PBXBuildFile; fileRef = DC93755F2CEC67D900012F43 /* RealmTable.swift */; };
		DC9375622CEC73B800012F43 /* RealmRepository.swift in Sources */ = {isa = PBXBuildFile; fileRef = DC9375612CEC73B800012F43 /* RealmRepository.swift */; };
		DC9375642CEC7E6500012F43 /* UserInfo.swift in Sources */ = {isa = PBXBuildFile; fileRef = DC9375632CEC7E6500012F43 /* UserInfo.swift */; };
		DC9375662CECAAF100012F43 /* DefaultDMRepository.swift in Sources */ = {isa = PBXBuildFile; fileRef = DC9375652CECAAF100012F43 /* DefaultDMRepository.swift */; };
		DC9375682CECAB5D00012F43 /* DMRepositoryInterface.swift in Sources */ = {isa = PBXBuildFile; fileRef = DC9375672CECAB5D00012F43 /* DMRepositoryInterface.swift */; };
		DC93756F2CEDB19E00012F43 /* SocketService.swift in Sources */ = {isa = PBXBuildFile; fileRef = DC93756E2CEDB19E00012F43 /* SocketService.swift */; };
		DC9375712CEDC0B900012F43 /* SocketProtocol.swift in Sources */ = {isa = PBXBuildFile; fileRef = DC9375702CEDC0B900012F43 /* SocketProtocol.swift */; };
		DC9375732CEDF8A000012F43 /* UserInfoDTO.swift in Sources */ = {isa = PBXBuildFile; fileRef = DC9375722CEDF8A000012F43 /* UserInfoDTO.swift */; };
		DC9375752CEE081D00012F43 /* DefaultSocketRepository.swift in Sources */ = {isa = PBXBuildFile; fileRef = DC9375742CEE081D00012F43 /* DefaultSocketRepository.swift */; };
		DC9375772CEE087B00012F43 /* SocketRepositoryInterface.swift in Sources */ = {isa = PBXBuildFile; fileRef = DC9375762CEE087B00012F43 /* SocketRepositoryInterface.swift */; };
		DC93757A2CEE330700012F43 /* SocketIO in Frameworks */ = {isa = PBXBuildFile; productRef = DC9375792CEE330700012F43 /* SocketIO */; };
		DC9BC0CE2CE73EA0002AF523 /* DMRouter.swift in Sources */ = {isa = PBXBuildFile; fileRef = DC9BC0CD2CE73EA0002AF523 /* DMRouter.swift */; };
		DC9BC0D12CE765B5002AF523 /* DMListState.swift in Sources */ = {isa = PBXBuildFile; fileRef = DC9BC0D02CE765B5002AF523 /* DMListState.swift */; };
		DC9BC0D32CE8DA29002AF523 /* DMHistoryDTO.swift in Sources */ = {isa = PBXBuildFile; fileRef = DC9BC0D22CE8DA29002AF523 /* DMHistoryDTO.swift */; };
		DC9BC0D52CE8DAA6002AF523 /* DMHistory.swift in Sources */ = {isa = PBXBuildFile; fileRef = DC9BC0D42CE8DAA6002AF523 /* DMHistory.swift */; };
		DC9BC0DB2CE8DE9E002AF523 /* NetworkProtocol.swift in Sources */ = {isa = PBXBuildFile; fileRef = DC9BC0DA2CE8DE9E002AF523 /* NetworkProtocol.swift */; };
		DC9BC0DD2CE9BB21002AF523 /* DMUnReadDTO.swift in Sources */ = {isa = PBXBuildFile; fileRef = DC9BC0DC2CE9BB21002AF523 /* DMUnReadDTO.swift */; };
		DC9BC0DF2CE9BB4B002AF523 /* DMUnRead.swift in Sources */ = {isa = PBXBuildFile; fileRef = DC9BC0DE2CE9BB4B002AF523 /* DMUnRead.swift */; };
		DC9BC0E52CEA0CAB002AF523 /* KeyChainProtocol.swift in Sources */ = {isa = PBXBuildFile; fileRef = DC9BC0E42CEA0CAB002AF523 /* KeyChainProtocol.swift */; };
/* End PBXBuildFile section */

/* Begin PBXFileReference section */
		C00F90BF2CE75EC800B7DD62 /* NetworkLogger.swift */ = {isa = PBXFileReference; lastKnownFileType = sourcecode.swift; path = NetworkLogger.swift; sourceTree = "<group>"; };
		C0327C7B2CE5870A00AEAEE1 /* UIView+.swift */ = {isa = PBXFileReference; lastKnownFileType = sourcecode.swift; path = "UIView+.swift"; sourceTree = "<group>"; };
		C0BF42872CE211BB00C5B5B4 /* ChannelView.swift */ = {isa = PBXFileReference; lastKnownFileType = sourcecode.swift; path = ChannelView.swift; sourceTree = "<group>"; };
		C0BF428E2CE473BF00C5B5B4 /* ChannelTitleTableViewCell.swift */ = {isa = PBXFileReference; lastKnownFileType = sourcecode.swift; path = ChannelTitleTableViewCell.swift; sourceTree = "<group>"; };
		C0BF42902CE4774B00C5B5B4 /* ReadChannelTableViewCell.swift */ = {isa = PBXFileReference; lastKnownFileType = sourcecode.swift; path = ReadChannelTableViewCell.swift; sourceTree = "<group>"; };
		C0BF42922CE47A6100C5B5B4 /* UnreadChannelTableViewCell.swift */ = {isa = PBXFileReference; lastKnownFileType = sourcecode.swift; path = UnreadChannelTableViewCell.swift; sourceTree = "<group>"; };
		C0BF42942CE4D71E00C5B5B4 /* ChannelSectionModel.swift */ = {isa = PBXFileReference; lastKnownFileType = sourcecode.swift; path = ChannelSectionModel.swift; sourceTree = "<group>"; };
		C0EA667F2CE7227D00401F92 /* ChannelAddTableViewCell.swift */ = {isa = PBXFileReference; lastKnownFileType = sourcecode.swift; path = ChannelAddTableViewCell.swift; sourceTree = "<group>"; };
		C908280D2CDA650B0096BA0D /* SettingViewEmpty */ = {isa = PBXFileReference; lastKnownFileType = text; path = SettingViewEmpty; sourceTree = "<group>"; };
		C908280F2CDA651E0096BA0D /* AuthViewEmpty */ = {isa = PBXFileReference; lastKnownFileType = text; path = AuthViewEmpty; sourceTree = "<group>"; };
		C908285E2CDA72B50096BA0D /* .swiftlint.yml */ = {isa = PBXFileReference; fileEncoding = 4; lastKnownFileType = text.yaml; path = .swiftlint.yml; sourceTree = "<group>"; };
		C90828652CDA780D0096BA0D /* Localizable.xcstrings */ = {isa = PBXFileReference; lastKnownFileType = text.json.xcstrings; path = Localizable.xcstrings; sourceTree = "<group>"; };
		C90828672CDA78770096BA0D /* String+.swift */ = {isa = PBXFileReference; lastKnownFileType = sourcecode.swift; path = "String+.swift"; sourceTree = "<group>"; };
		C91BBBF22CE33FF3001EFC70 /* Reactive+.swift */ = {isa = PBXFileReference; lastKnownFileType = sourcecode.swift; path = "Reactive+.swift"; sourceTree = "<group>"; };
		C91BBBF62CE358C8001EFC70 /* UnderlineSegmentedControl.swift */ = {isa = PBXFileReference; lastKnownFileType = sourcecode.swift; path = UnderlineSegmentedControl.swift; sourceTree = "<group>"; };
		C91BBC042CE37093001EFC70 /* SearchResultView.swift */ = {isa = PBXFileReference; lastKnownFileType = sourcecode.swift; path = SearchResultView.swift; sourceTree = "<group>"; };
		C91BBC062CE37265001EFC70 /* SearchImageType.swift */ = {isa = PBXFileReference; lastKnownFileType = sourcecode.swift; path = SearchImageType.swift; sourceTree = "<group>"; };
		C91BBC0A2CE3B162001EFC70 /* AlertType.swift */ = {isa = PBXFileReference; lastKnownFileType = sourcecode.swift; path = AlertType.swift; sourceTree = "<group>"; };
		C91BBC102CE3B416001EFC70 /* RoundedButton.swift */ = {isa = PBXFileReference; lastKnownFileType = sourcecode.swift; path = RoundedButton.swift; sourceTree = "<group>"; };
		C91BBC122CE3B62D001EFC70 /* RoundedButtonType.swift */ = {isa = PBXFileReference; lastKnownFileType = sourcecode.swift; path = RoundedButtonType.swift; sourceTree = "<group>"; };
		C91BBC142CE472CA001EFC70 /* ChannelSettingCell.swift */ = {isa = PBXFileReference; lastKnownFileType = sourcecode.swift; path = ChannelSettingCell.swift; sourceTree = "<group>"; };
		C91BBC162CE47F66001EFC70 /* ChannelSettingTopView.swift */ = {isa = PBXFileReference; lastKnownFileType = sourcecode.swift; path = ChannelSettingTopView.swift; sourceTree = "<group>"; };
		C91BBC182CE487BA001EFC70 /* ChannelSettingBottomView.swift */ = {isa = PBXFileReference; lastKnownFileType = sourcecode.swift; path = ChannelSettingBottomView.swift; sourceTree = "<group>"; };
		C91BBC1A2CE48E7B001EFC70 /* ChannelSettingMiddleView.swift */ = {isa = PBXFileReference; lastKnownFileType = sourcecode.swift; path = ChannelSettingMiddleView.swift; sourceTree = "<group>"; };
		C91BBC1C2CE49366001EFC70 /* ChannelSettingViewController.swift */ = {isa = PBXFileReference; lastKnownFileType = sourcecode.swift; path = ChannelSettingViewController.swift; sourceTree = "<group>"; };
		C91BBC1E2CE4B213001EFC70 /* ChannelSettingViewModel.swift */ = {isa = PBXFileReference; lastKnownFileType = sourcecode.swift; path = ChannelSettingViewModel.swift; sourceTree = "<group>"; };
		C91BBC202CE4C7A7001EFC70 /* ChannelAdminTableViewCell.swift */ = {isa = PBXFileReference; lastKnownFileType = sourcecode.swift; path = ChannelAdminTableViewCell.swift; sourceTree = "<group>"; };
		C91BBC222CE4CF97001EFC70 /* ChannelAdminViewController.swift */ = {isa = PBXFileReference; lastKnownFileType = sourcecode.swift; path = ChannelAdminViewController.swift; sourceTree = "<group>"; };
		C91BBC242CE4D25C001EFC70 /* ChangeAdminViewModel.swift */ = {isa = PBXFileReference; lastKnownFileType = sourcecode.swift; path = ChangeAdminViewModel.swift; sourceTree = "<group>"; };
		C91BBC262CE4E343001EFC70 /* ModalNavigationView.swift */ = {isa = PBXFileReference; lastKnownFileType = sourcecode.swift; path = ModalNavigationView.swift; sourceTree = "<group>"; };
		C91BBC282CE4F370001EFC70 /* TitledTextField.swift */ = {isa = PBXFileReference; lastKnownFileType = sourcecode.swift; path = TitledTextField.swift; sourceTree = "<group>"; };
		C91BBC2A2CE4F7F0001EFC70 /* InviteMemberViewController.swift */ = {isa = PBXFileReference; lastKnownFileType = sourcecode.swift; path = InviteMemberViewController.swift; sourceTree = "<group>"; };
		C91BBC2C2CE4F830001EFC70 /* InviteMemberViewModel.swift */ = {isa = PBXFileReference; lastKnownFileType = sourcecode.swift; path = InviteMemberViewModel.swift; sourceTree = "<group>"; };
		C957EA662CE2095300B62A2A /* UIViewController+.swift */ = {isa = PBXFileReference; lastKnownFileType = sourcecode.swift; path = "UIViewController+.swift"; sourceTree = "<group>"; };
		C957EA682CE20C2300B62A2A /* SearchEmptyView.swift */ = {isa = PBXFileReference; lastKnownFileType = sourcecode.swift; path = SearchEmptyView.swift; sourceTree = "<group>"; };
		C957EA6C2CE21B2500B62A2A /* SearchState.swift */ = {isa = PBXFileReference; lastKnownFileType = sourcecode.swift; path = SearchState.swift; sourceTree = "<group>"; };
		C957EA6E2CE21F8A00B62A2A /* RecentSearchTableView.swift */ = {isa = PBXFileReference; lastKnownFileType = sourcecode.swift; path = RecentSearchTableView.swift; sourceTree = "<group>"; };
		C957EA702CE21FD800B62A2A /* SearchItemTableViewCell.swift */ = {isa = PBXFileReference; lastKnownFileType = sourcecode.swift; path = SearchItemTableViewCell.swift; sourceTree = "<group>"; };
		C96C72942CDAF9CA00E0D6CF /* BaseView.swift */ = {isa = PBXFileReference; lastKnownFileType = sourcecode.swift; path = BaseView.swift; sourceTree = "<group>"; };
		C96C72962CDAF9D100E0D6CF /* BaseViewController.swift */ = {isa = PBXFileReference; lastKnownFileType = sourcecode.swift; path = BaseViewController.swift; sourceTree = "<group>"; };
		C96C72982CDAF9EA00E0D6CF /* BaseNavigationViewController.swift */ = {isa = PBXFileReference; lastKnownFileType = sourcecode.swift; path = BaseNavigationViewController.swift; sourceTree = "<group>"; };
		C96C729A2CDB289400E0D6CF /* BaseCollectionViewCell.swift */ = {isa = PBXFileReference; lastKnownFileType = sourcecode.swift; path = BaseCollectionViewCell.swift; sourceTree = "<group>"; };
		C96C729C2CDB28B400E0D6CF /* BaseTableViewCell.swift */ = {isa = PBXFileReference; lastKnownFileType = sourcecode.swift; path = BaseTableViewCell.swift; sourceTree = "<group>"; };
		C96C729E2CDB28F500E0D6CF /* Reusables.swift */ = {isa = PBXFileReference; lastKnownFileType = sourcecode.swift; path = Reusables.swift; sourceTree = "<group>"; };
		C98363DB2CE58AA200AC51CA /* ProfileViewController.swift */ = {isa = PBXFileReference; lastKnownFileType = sourcecode.swift; path = ProfileViewController.swift; sourceTree = "<group>"; };
		C98363DD2CE58AD400AC51CA /* ProfileViewModel.swift */ = {isa = PBXFileReference; lastKnownFileType = sourcecode.swift; path = ProfileViewModel.swift; sourceTree = "<group>"; };
		C98363DF2CE59F7E00AC51CA /* ProfileBottomView.swift */ = {isa = PBXFileReference; lastKnownFileType = sourcecode.swift; path = ProfileBottomView.swift; sourceTree = "<group>"; };
		C98363E32CE5A3E800AC51CA /* SystemImageLabelView.swift */ = {isa = PBXFileReference; lastKnownFileType = sourcecode.swift; path = SystemImageLabelView.swift; sourceTree = "<group>"; };
		C9C27A002CDA315500243744 /* BuddyBuddy.app */ = {isa = PBXFileReference; explicitFileType = wrapper.application; includeInIndex = 0; path = BuddyBuddy.app; sourceTree = BUILT_PRODUCTS_DIR; };
		C9C27A032CDA315500243744 /* AppDelegate.swift */ = {isa = PBXFileReference; lastKnownFileType = sourcecode.swift; path = AppDelegate.swift; sourceTree = "<group>"; };
		C9C27A052CDA315500243744 /* SceneDelegate.swift */ = {isa = PBXFileReference; lastKnownFileType = sourcecode.swift; path = SceneDelegate.swift; sourceTree = "<group>"; };
		C9C27A0F2CDA315600243744 /* Assets.xcassets */ = {isa = PBXFileReference; lastKnownFileType = folder.assetcatalog; path = Assets.xcassets; sourceTree = "<group>"; };
		C9C27A122CDA315600243744 /* Base */ = {isa = PBXFileReference; lastKnownFileType = file.storyboard; name = Base; path = Base.lproj/LaunchScreen.storyboard; sourceTree = "<group>"; };
		C9C27A142CDA315600243744 /* Info.plist */ = {isa = PBXFileReference; lastKnownFileType = text.plist.xml; path = Info.plist; sourceTree = "<group>"; };
		C9F20F392CDB5F070043351E /* TabKind.swift */ = {isa = PBXFileReference; lastKnownFileType = sourcecode.swift; path = TabKind.swift; sourceTree = "<group>"; };
		C9F20F3B2CDB5FFD0043351E /* TabBarViewController.swift */ = {isa = PBXFileReference; lastKnownFileType = sourcecode.swift; path = TabBarViewController.swift; sourceTree = "<group>"; };
		C9F20F412CDB61F50043351E /* HomeViewController.swift */ = {isa = PBXFileReference; lastKnownFileType = sourcecode.swift; path = HomeViewController.swift; sourceTree = "<group>"; };
		C9F20F432CDB62530043351E /* HomeViewModel.swift */ = {isa = PBXFileReference; lastKnownFileType = sourcecode.swift; path = HomeViewModel.swift; sourceTree = "<group>"; };
		C9F20F452CDB625A0043351E /* ViewModelType.swift */ = {isa = PBXFileReference; lastKnownFileType = sourcecode.swift; path = ViewModelType.swift; sourceTree = "<group>"; };
		C9F20F472CDB63640043351E /* DMListViewController.swift */ = {isa = PBXFileReference; lastKnownFileType = sourcecode.swift; path = DMListViewController.swift; sourceTree = "<group>"; };
		C9F20F492CDB63780043351E /* DMListViewModel.swift */ = {isa = PBXFileReference; lastKnownFileType = sourcecode.swift; path = DMListViewModel.swift; sourceTree = "<group>"; };
		C9F20F4B2CDB64070043351E /* SearchViewController.swift */ = {isa = PBXFileReference; lastKnownFileType = sourcecode.swift; path = SearchViewController.swift; sourceTree = "<group>"; };
		C9F20F4D2CDB64330043351E /* SearchViewModel.swift */ = {isa = PBXFileReference; lastKnownFileType = sourcecode.swift; path = SearchViewModel.swift; sourceTree = "<group>"; };
		C9F20F4F2CDB64770043351E /* SettingViewController.swift */ = {isa = PBXFileReference; lastKnownFileType = sourcecode.swift; path = SettingViewController.swift; sourceTree = "<group>"; };
		C9F20F512CDB64890043351E /* SettingViewModel.swift */ = {isa = PBXFileReference; lastKnownFileType = sourcecode.swift; path = SettingViewModel.swift; sourceTree = "<group>"; };
		C9F20F532CDB64C10043351E /* AuthViewModel.swift */ = {isa = PBXFileReference; lastKnownFileType = sourcecode.swift; path = AuthViewModel.swift; sourceTree = "<group>"; };
		C9F20F552CDB64D30043351E /* AuthViewController.swift */ = {isa = PBXFileReference; lastKnownFileType = sourcecode.swift; path = AuthViewController.swift; sourceTree = "<group>"; };
		C9F20F572CDB65AC0043351E /* Coordinator.swift */ = {isa = PBXFileReference; lastKnownFileType = sourcecode.swift; path = Coordinator.swift; sourceTree = "<group>"; };
		C9F20F592CDB66270043351E /* AppCoordinator.swift */ = {isa = PBXFileReference; lastKnownFileType = sourcecode.swift; path = AppCoordinator.swift; sourceTree = "<group>"; };
		C9F20F5B2CDB6DB60043351E /* TabBarCoordinator.swift */ = {isa = PBXFileReference; lastKnownFileType = sourcecode.swift; path = TabBarCoordinator.swift; sourceTree = "<group>"; };
		C9F20F5D2CDB6E6C0043351E /* HomeCoordinator.swift */ = {isa = PBXFileReference; lastKnownFileType = sourcecode.swift; path = HomeCoordinator.swift; sourceTree = "<group>"; };
		C9F20F5F2CDB6E7E0043351E /* DefaultHomeCoordinator.swift */ = {isa = PBXFileReference; lastKnownFileType = sourcecode.swift; path = DefaultHomeCoordinator.swift; sourceTree = "<group>"; };
		C9F20F612CDB70730043351E /* DMCoordinator.swift */ = {isa = PBXFileReference; lastKnownFileType = sourcecode.swift; path = DMCoordinator.swift; sourceTree = "<group>"; };
		C9F20F632CDB709A0043351E /* DefaultDMCoordinator.swift */ = {isa = PBXFileReference; lastKnownFileType = sourcecode.swift; path = DefaultDMCoordinator.swift; sourceTree = "<group>"; };
		C9F20F652CDB72A60043351E /* SearchCoordinator.swift */ = {isa = PBXFileReference; lastKnownFileType = sourcecode.swift; path = SearchCoordinator.swift; sourceTree = "<group>"; };
		C9F20F672CDB72C30043351E /* DefaultSearchCoordinator.swift */ = {isa = PBXFileReference; lastKnownFileType = sourcecode.swift; path = DefaultSearchCoordinator.swift; sourceTree = "<group>"; };
		C9F20F692CDB73330043351E /* SettingCoordinator.swift */ = {isa = PBXFileReference; lastKnownFileType = sourcecode.swift; path = SettingCoordinator.swift; sourceTree = "<group>"; };
		C9F20F6B2CDB73470043351E /* DefaultSettingCoordinator.swift */ = {isa = PBXFileReference; lastKnownFileType = sourcecode.swift; path = DefaultSettingCoordinator.swift; sourceTree = "<group>"; };
		C9F20F6D2CDB743D0043351E /* AuthCoordinator.swift */ = {isa = PBXFileReference; lastKnownFileType = sourcecode.swift; path = AuthCoordinator.swift; sourceTree = "<group>"; };
		C9F20F6F2CDB74550043351E /* DefaultAuthCoordinator.swift */ = {isa = PBXFileReference; lastKnownFileType = sourcecode.swift; path = DefaultAuthCoordinator.swift; sourceTree = "<group>"; };
		C9F96D3F2CDCE51600271295 /* DIContainer.swift */ = {isa = PBXFileReference; lastKnownFileType = sourcecode.swift; path = DIContainer.swift; sourceTree = "<group>"; };
		C9F96D412CDCE5E300271295 /* Dependency.swift */ = {isa = PBXFileReference; lastKnownFileType = sourcecode.swift; path = Dependency.swift; sourceTree = "<group>"; };
		C9F96D5C2CDD26F800271295 /* UserDefaultsEmpty */ = {isa = PBXFileReference; lastKnownFileType = text; path = UserDefaultsEmpty; sourceTree = "<group>"; };
		C9F96D622CDD28D000271295 /* Pretendard-Medium.otf */ = {isa = PBXFileReference; lastKnownFileType = file; path = "Pretendard-Medium.otf"; sourceTree = "<group>"; };
		C9F96D632CDD28D000271295 /* Pretendard-Bold.otf */ = {isa = PBXFileReference; lastKnownFileType = file; path = "Pretendard-Bold.otf"; sourceTree = "<group>"; };
		C9F96D642CDD295300271295 /* UIFont+.swift */ = {isa = PBXFileReference; lastKnownFileType = sourcecode.swift; path = "UIFont+.swift"; sourceTree = "<group>"; };
		C9F96D662CDD2A5400271295 /* AppDelegate+Register.swift */ = {isa = PBXFileReference; lastKnownFileType = sourcecode.swift; path = "AppDelegate+Register.swift"; sourceTree = "<group>"; };
		DC213A7F2CE1EEAE00E2A2F7 /* Secrets.xcconfig */ = {isa = PBXFileReference; fileEncoding = 4; lastKnownFileType = text.xcconfig; path = Secrets.xcconfig; sourceTree = "<group>"; };
		DC213A812CE1F6F200E2A2F7 /* DMListTableViewCell.swift */ = {isa = PBXFileReference; lastKnownFileType = sourcecode.swift; path = DMListTableViewCell.swift; sourceTree = "<group>"; };
		DC213A832CE23E1B00E2A2F7 /* MessageCountView.swift */ = {isa = PBXFileReference; lastKnownFileType = sourcecode.swift; path = MessageCountView.swift; sourceTree = "<group>"; };
		DC213A852CE307F200E2A2F7 /* DMChattingViewController.swift */ = {isa = PBXFileReference; lastKnownFileType = sourcecode.swift; path = DMChattingViewController.swift; sourceTree = "<group>"; };
		DC213A872CE3086300E2A2F7 /* DMChattingTableViewCell.swift */ = {isa = PBXFileReference; lastKnownFileType = sourcecode.swift; path = DMChattingTableViewCell.swift; sourceTree = "<group>"; };
		DC213A892CE3190700E2A2F7 /* SpeechBubbleView.swift */ = {isa = PBXFileReference; lastKnownFileType = sourcecode.swift; path = SpeechBubbleView.swift; sourceTree = "<group>"; };
		DC213A8B2CE31B9A00E2A2F7 /* DMChattingViewModel.swift */ = {isa = PBXFileReference; lastKnownFileType = sourcecode.swift; path = DMChattingViewModel.swift; sourceTree = "<group>"; };
		DC213A8D2CE32C3E00E2A2F7 /* NetworkService.swift */ = {isa = PBXFileReference; lastKnownFileType = sourcecode.swift; path = NetworkService.swift; sourceTree = "<group>"; };
		DC213A8F2CE32C4500E2A2F7 /* LogInRouter.swift */ = {isa = PBXFileReference; lastKnownFileType = sourcecode.swift; path = LogInRouter.swift; sourceTree = "<group>"; };
		DC213A912CE332A000E2A2F7 /* TargetType.swift */ = {isa = PBXFileReference; lastKnownFileType = sourcecode.swift; path = TargetType.swift; sourceTree = "<group>"; };
		DC213A932CE365D000E2A2F7 /* Header.swift */ = {isa = PBXFileReference; lastKnownFileType = sourcecode.swift; path = Header.swift; sourceTree = "<group>"; };
		DC213A952CE3668700E2A2F7 /* APIKey.swift */ = {isa = PBXFileReference; lastKnownFileType = sourcecode.swift; path = APIKey.swift; sourceTree = "<group>"; };
		DC213A9E2CE36CA700E2A2F7 /* DMList.swift */ = {isa = PBXFileReference; lastKnownFileType = sourcecode.swift; path = DMList.swift; sourceTree = "<group>"; };
		DC213AA12CE36E0700E2A2F7 /* DMListDTO.swift */ = {isa = PBXFileReference; lastKnownFileType = sourcecode.swift; path = DMListDTO.swift; sourceTree = "<group>"; };
		DC213AA32CE3744300E2A2F7 /* DMUseCaseInterface.swift */ = {isa = PBXFileReference; lastKnownFileType = sourcecode.swift; path = DMUseCaseInterface.swift; sourceTree = "<group>"; };
		DC213AA52CE374A700E2A2F7 /* DefaultDMUseCase.swift */ = {isa = PBXFileReference; lastKnownFileType = sourcecode.swift; path = DefaultDMUseCase.swift; sourceTree = "<group>"; };
		DC213AA72CE4632F00E2A2F7 /* AuthIntercepter.swift */ = {isa = PBXFileReference; lastKnownFileType = sourcecode.swift; path = AuthIntercepter.swift; sourceTree = "<group>"; };
		DC213AA92CE4742F00E2A2F7 /* KeyChainManager.swift */ = {isa = PBXFileReference; lastKnownFileType = sourcecode.swift; path = KeyChainManager.swift; sourceTree = "<group>"; };
		DC213AAB2CE47A8900E2A2F7 /* LoginQuery.swift */ = {isa = PBXFileReference; lastKnownFileType = sourcecode.swift; path = LoginQuery.swift; sourceTree = "<group>"; };
		DC213AAE2CE4848B00E2A2F7 /* AccessTokenDTO.swift */ = {isa = PBXFileReference; lastKnownFileType = sourcecode.swift; path = AccessTokenDTO.swift; sourceTree = "<group>"; };
		DC213AB12CE484BE00E2A2F7 /* AccessToken.swift */ = {isa = PBXFileReference; lastKnownFileType = sourcecode.swift; path = AccessToken.swift; sourceTree = "<group>"; };
		DC213AB42CE4876600E2A2F7 /* LogInDTO.swift */ = {isa = PBXFileReference; lastKnownFileType = sourcecode.swift; path = LogInDTO.swift; sourceTree = "<group>"; };
		DC93755F2CEC67D900012F43 /* RealmTable.swift */ = {isa = PBXFileReference; lastKnownFileType = sourcecode.swift; path = RealmTable.swift; sourceTree = "<group>"; };
		DC9375612CEC73B800012F43 /* RealmRepository.swift */ = {isa = PBXFileReference; lastKnownFileType = sourcecode.swift; path = RealmRepository.swift; sourceTree = "<group>"; };
		DC9375632CEC7E6500012F43 /* UserInfo.swift */ = {isa = PBXFileReference; lastKnownFileType = sourcecode.swift; path = UserInfo.swift; sourceTree = "<group>"; };
		DC9375652CECAAF100012F43 /* DefaultDMRepository.swift */ = {isa = PBXFileReference; lastKnownFileType = sourcecode.swift; path = DefaultDMRepository.swift; sourceTree = "<group>"; };
		DC9375672CECAB5D00012F43 /* DMRepositoryInterface.swift */ = {isa = PBXFileReference; lastKnownFileType = sourcecode.swift; path = DMRepositoryInterface.swift; sourceTree = "<group>"; };
		DC93756E2CEDB19E00012F43 /* SocketService.swift */ = {isa = PBXFileReference; lastKnownFileType = sourcecode.swift; path = SocketService.swift; sourceTree = "<group>"; };
		DC9375702CEDC0B900012F43 /* SocketProtocol.swift */ = {isa = PBXFileReference; lastKnownFileType = sourcecode.swift; path = SocketProtocol.swift; sourceTree = "<group>"; };
		DC9375722CEDF8A000012F43 /* UserInfoDTO.swift */ = {isa = PBXFileReference; lastKnownFileType = sourcecode.swift; path = UserInfoDTO.swift; sourceTree = "<group>"; };
		DC9375742CEE081D00012F43 /* DefaultSocketRepository.swift */ = {isa = PBXFileReference; lastKnownFileType = sourcecode.swift; path = DefaultSocketRepository.swift; sourceTree = "<group>"; };
		DC9375762CEE087B00012F43 /* SocketRepositoryInterface.swift */ = {isa = PBXFileReference; lastKnownFileType = sourcecode.swift; path = SocketRepositoryInterface.swift; sourceTree = "<group>"; };
		DC9BC0CD2CE73EA0002AF523 /* DMRouter.swift */ = {isa = PBXFileReference; lastKnownFileType = sourcecode.swift; path = DMRouter.swift; sourceTree = "<group>"; };
		DC9BC0D02CE765B5002AF523 /* DMListState.swift */ = {isa = PBXFileReference; lastKnownFileType = sourcecode.swift; path = DMListState.swift; sourceTree = "<group>"; };
		DC9BC0D22CE8DA29002AF523 /* DMHistoryDTO.swift */ = {isa = PBXFileReference; lastKnownFileType = sourcecode.swift; path = DMHistoryDTO.swift; sourceTree = "<group>"; };
		DC9BC0D42CE8DAA6002AF523 /* DMHistory.swift */ = {isa = PBXFileReference; lastKnownFileType = sourcecode.swift; path = DMHistory.swift; sourceTree = "<group>"; };
		DC9BC0DA2CE8DE9E002AF523 /* NetworkProtocol.swift */ = {isa = PBXFileReference; lastKnownFileType = sourcecode.swift; path = NetworkProtocol.swift; sourceTree = "<group>"; };
		DC9BC0DC2CE9BB21002AF523 /* DMUnReadDTO.swift */ = {isa = PBXFileReference; lastKnownFileType = sourcecode.swift; path = DMUnReadDTO.swift; sourceTree = "<group>"; };
		DC9BC0DE2CE9BB4B002AF523 /* DMUnRead.swift */ = {isa = PBXFileReference; lastKnownFileType = sourcecode.swift; path = DMUnRead.swift; sourceTree = "<group>"; };
		DC9BC0E42CEA0CAB002AF523 /* KeyChainProtocol.swift */ = {isa = PBXFileReference; lastKnownFileType = sourcecode.swift; path = KeyChainProtocol.swift; sourceTree = "<group>"; };
/* End PBXFileReference section */

/* Begin PBXFrameworksBuildPhase section */
		C9C279FD2CDA315500243744 /* Frameworks */ = {
			isa = PBXFrameworksBuildPhase;
			buildActionMask = 2147483647;
			files = (
				C908285B2CDA6E940096BA0D /* RealmSwift in Frameworks */,
				C90828622CDA75CF0096BA0D /* RxKakaoSDKAuth in Frameworks */,
				C90828522CDA6BD90096BA0D /* Alamofire in Frameworks */,
				C0BF428D2CE4721600C5B5B4 /* RxDataSources in Frameworks */,
				C908284F2CDA6B760096BA0D /* RxSwift in Frameworks */,
				DC93757A2CEE330700012F43 /* SocketIO in Frameworks */,
				C90828642CDA75CF0096BA0D /* RxKakaoSDKCommon in Frameworks */,
				C908284D2CDA6B760096BA0D /* RxCocoa in Frameworks */,
				C90828552CDA6D6E0096BA0D /* Nuke in Frameworks */,
				C0BF428B2CE4721600C5B5B4 /* Differentiator in Frameworks */,
				C90828582CDA6D910096BA0D /* SnapKit in Frameworks */,
			);
			runOnlyForDeploymentPostprocessing = 0;
		};
/* End PBXFrameworksBuildPhase section */

/* Begin PBXGroup section */
		C00F90BE2CE75EBC00B7DD62 /* NetworkLogger */ = {
			isa = PBXGroup;
			children = (
				C00F90BF2CE75EC800B7DD62 /* NetworkLogger.swift */,
			);
			path = NetworkLogger;
			sourceTree = "<group>";
		};
		C90827CC2CDA4CA30096BA0D /* App */ = {
			isa = PBXGroup;
			children = (
				C90827F62CDA64920096BA0D /* Coordinator */,
				C9C27A032CDA315500243744 /* AppDelegate.swift */,
				C9C27A052CDA315500243744 /* SceneDelegate.swift */,
				C9F96D662CDD2A5400271295 /* AppDelegate+Register.swift */,
			);
			path = App;
			sourceTree = "<group>";
		};
		C90827CE2CDA4CB10096BA0D /* Data */ = {
			isa = PBXGroup;
			children = (
				C90827D52CDA63250096BA0D /* Network */,
				C90827D42CDA63190096BA0D /* Repository */,
				C90827D62CDA632A0096BA0D /* Persistence */,
				C9F96D562CDD242200271295 /* Request */,
				C90827D32CDA63140096BA0D /* DTO */,
			);
			path = Data;
			sourceTree = "<group>";
		};
		C90827CF2CDA4CB50096BA0D /* Domain */ = {
			isa = PBXGroup;
			children = (
				C90827DA2CDA638F0096BA0D /* Entity */,
				C90827D92CDA63860096BA0D /* UseCaseInterface */,
				C90827D82CDA63810096BA0D /* UseCase */,
				C90827D72CDA63750096BA0D /* RepositoryInterface */,
			);
			path = Domain;
			sourceTree = "<group>";
		};
		C90827D02CDA4CBA0096BA0D /* Presentation */ = {
			isa = PBXGroup;
			children = (
				C908283E2CDA66890096BA0D /* Base */,
				C9BCFCE42CE1CFA2003E5093 /* Custom */,
				C90827DB2CDA639C0096BA0D /* Tab */,
				C90827DC2CDA63A20096BA0D /* Home */,
				C90827DD2CDA63A60096BA0D /* DM */,
				C90827DE2CDA63AA0096BA0D /* Search */,
				C90827DF2CDA63B30096BA0D /* Setting */,
				C90827E02CDA63E10096BA0D /* Auth */,
			);
			path = Presentation;
			sourceTree = "<group>";
		};
		C90827D12CDA4CC10096BA0D /* Utils */ = {
			isa = PBXGroup;
			children = (
				C9F20F382CDB5F030043351E /* Enum */,
				C908283F2CDA668E0096BA0D /* Formatter */,
				C908283D2CDA66850096BA0D /* Protocol */,
				C908283C2CDA667E0096BA0D /* Extension */,
			);
			path = Utils;
			sourceTree = "<group>";
		};
		C90827D22CDA4CFA0096BA0D /* Resources */ = {
			isa = PBXGroup;
			children = (
				C9F96D612CDD289000271295 /* Font */,
				C9C27A0F2CDA315600243744 /* Assets.xcassets */,
				C9C27A112CDA315600243744 /* LaunchScreen.storyboard */,
				C9C27A142CDA315600243744 /* Info.plist */,
				C90828652CDA780D0096BA0D /* Localizable.xcstrings */,
			);
			path = Resources;
			sourceTree = "<group>";
		};
		C90827D32CDA63140096BA0D /* DTO */ = {
			isa = PBXGroup;
			children = (
				DC213AB32CE4874F00E2A2F7 /* LogIn */,
				DC213AAD2CE4847A00E2A2F7 /* AccessToken */,
				DC213AA02CE36DFC00E2A2F7 /* DM */,
			);
			path = DTO;
			sourceTree = "<group>";
		};
		C90827D42CDA63190096BA0D /* Repository */ = {
			isa = PBXGroup;
			children = (
				DC9375652CECAAF100012F43 /* DefaultDMRepository.swift */,
				DC9375742CEE081D00012F43 /* DefaultSocketRepository.swift */,
			);
			path = Repository;
			sourceTree = "<group>";
		};
		C90827D52CDA63250096BA0D /* Network */ = {
			isa = PBXGroup;
			children = (
				C9F96D532CDD236900271295 /* Base */,
				DC9BC0CF2CE748C6002AF523 /* Router */,
			);
			path = Network;
			sourceTree = "<group>";
		};
		C90827D62CDA632A0096BA0D /* Persistence */ = {
			isa = PBXGroup;
			children = (
				C9F96D592CDD260000271295 /* Realm */,
				C9F96D5A2CDD268100271295 /* LocalStorage */,
			);
			path = Persistence;
			sourceTree = "<group>";
		};
		C90827D72CDA63750096BA0D /* RepositoryInterface */ = {
			isa = PBXGroup;
			children = (
				DC9375672CECAB5D00012F43 /* DMRepositoryInterface.swift */,
				DC9375762CEE087B00012F43 /* SocketRepositoryInterface.swift */,
			);
			path = RepositoryInterface;
			sourceTree = "<group>";
		};
		C90827D82CDA63810096BA0D /* UseCase */ = {
			isa = PBXGroup;
			children = (
				DC213AA52CE374A700E2A2F7 /* DefaultDMUseCase.swift */,
			);
			path = UseCase;
			sourceTree = "<group>";
		};
		C90827D92CDA63860096BA0D /* UseCaseInterface */ = {
			isa = PBXGroup;
			children = (
				DC213AA32CE3744300E2A2F7 /* DMUseCaseInterface.swift */,
			);
			path = UseCaseInterface;
			sourceTree = "<group>";
		};
		C90827DA2CDA638F0096BA0D /* Entity */ = {
			isa = PBXGroup;
			children = (
				C0BF42942CE4D71E00C5B5B4 /* ChannelSectionModel.swift */,
				DC213AB02CE484B600E2A2F7 /* AccessToken */,
				DC213A9D2CE36CA000E2A2F7 /* DM */,
			);
			path = Entity;
			sourceTree = "<group>";
		};
		C90827DB2CDA639C0096BA0D /* Tab */ = {
			isa = PBXGroup;
			children = (
				C90828192CDA65DC0096BA0D /* Coordinator */,
				C908281A2CDA65E20096BA0D /* ViewController */,
			);
			path = Tab;
			sourceTree = "<group>";
		};
		C90827DC2CDA63A20096BA0D /* Home */ = {
			isa = PBXGroup;
			children = (
				C90827E42CDA64100096BA0D /* Coordinator */,
				C90827E12CDA64040096BA0D /* View */,
				C90827E22CDA64080096BA0D /* ViewController */,
				C90827E32CDA640C0096BA0D /* ViewModel */,
			);
			path = Home;
			sourceTree = "<group>";
		};
		C90827DD2CDA63A60096BA0D /* DM */ = {
			isa = PBXGroup;
			children = (
				C90827E92CDA64440096BA0D /* Coordinator */,
				C90827E82CDA64400096BA0D /* View */,
				C90827E62CDA64370096BA0D /* ViewController */,
				C90827E52CDA642F0096BA0D /* ViewModel */,
			);
			path = DM;
			sourceTree = "<group>";
		};
		C90827DE2CDA63AA0096BA0D /* Search */ = {
			isa = PBXGroup;
			children = (
				C90827ED2CDA64580096BA0D /* Coordinator */,
				C90827EC2CDA64550096BA0D /* View */,
				C90827EB2CDA644E0096BA0D /* ViewController */,
				C90827EA2CDA64490096BA0D /* ViewModel */,
			);
			path = Search;
			sourceTree = "<group>";
		};
		C90827DF2CDA63B30096BA0D /* Setting */ = {
			isa = PBXGroup;
			children = (
				C90827F12CDA646E0096BA0D /* Coordinator */,
				C90827F02CDA646A0096BA0D /* View */,
				C90827EF2CDA64660096BA0D /* ViewController */,
				C90827EE2CDA64600096BA0D /* ViewModel */,
			);
			path = Setting;
			sourceTree = "<group>";
		};
		C90827E02CDA63E10096BA0D /* Auth */ = {
			isa = PBXGroup;
			children = (
				C90827F52CDA64800096BA0D /* Coordinator */,
				C90827F42CDA647D0096BA0D /* View */,
				C90827F32CDA64780096BA0D /* ViewController */,
				C90827F22CDA64740096BA0D /* ViewModel */,
			);
			path = Auth;
			sourceTree = "<group>";
		};
		C90827E12CDA64040096BA0D /* View */ = {
			isa = PBXGroup;
			children = (
				C0BF42872CE211BB00C5B5B4 /* ChannelView.swift */,
				C0BF428E2CE473BF00C5B5B4 /* ChannelTitleTableViewCell.swift */,
				C0BF42902CE4774B00C5B5B4 /* ReadChannelTableViewCell.swift */,
				C0BF42922CE47A6100C5B5B4 /* UnreadChannelTableViewCell.swift */,
				C91BBC142CE472CA001EFC70 /* ChannelSettingCell.swift */,
				C91BBC162CE47F66001EFC70 /* ChannelSettingTopView.swift */,
				C91BBC1A2CE48E7B001EFC70 /* ChannelSettingMiddleView.swift */,
				C91BBC182CE487BA001EFC70 /* ChannelSettingBottomView.swift */,
				C91BBC202CE4C7A7001EFC70 /* ChannelAdminTableViewCell.swift */,
				C98363DF2CE59F7E00AC51CA /* ProfileBottomView.swift */,
				C0EA667F2CE7227D00401F92 /* ChannelAddTableViewCell.swift */,
			);
			path = View;
			sourceTree = "<group>";
		};
		C90827E22CDA64080096BA0D /* ViewController */ = {
			isa = PBXGroup;
			children = (
				C9F20F412CDB61F50043351E /* HomeViewController.swift */,
				C91BBC1C2CE49366001EFC70 /* ChannelSettingViewController.swift */,
				C91BBC222CE4CF97001EFC70 /* ChannelAdminViewController.swift */,
				C91BBC2A2CE4F7F0001EFC70 /* InviteMemberViewController.swift */,
				C98363DB2CE58AA200AC51CA /* ProfileViewController.swift */,
			);
			path = ViewController;
			sourceTree = "<group>";
		};
		C90827E32CDA640C0096BA0D /* ViewModel */ = {
			isa = PBXGroup;
			children = (
				C9F20F432CDB62530043351E /* HomeViewModel.swift */,
				C91BBC1E2CE4B213001EFC70 /* ChannelSettingViewModel.swift */,
				C91BBC242CE4D25C001EFC70 /* ChangeAdminViewModel.swift */,
				C91BBC2C2CE4F830001EFC70 /* InviteMemberViewModel.swift */,
				C98363DD2CE58AD400AC51CA /* ProfileViewModel.swift */,
			);
			path = ViewModel;
			sourceTree = "<group>";
		};
		C90827E42CDA64100096BA0D /* Coordinator */ = {
			isa = PBXGroup;
			children = (
				C9F20F5D2CDB6E6C0043351E /* HomeCoordinator.swift */,
				C9F20F5F2CDB6E7E0043351E /* DefaultHomeCoordinator.swift */,
			);
			path = Coordinator;
			sourceTree = "<group>";
		};
		C90827E52CDA642F0096BA0D /* ViewModel */ = {
			isa = PBXGroup;
			children = (
				C9F20F492CDB63780043351E /* DMListViewModel.swift */,
				DC213A8B2CE31B9A00E2A2F7 /* DMChattingViewModel.swift */,
			);
			path = ViewModel;
			sourceTree = "<group>";
		};
		C90827E62CDA64370096BA0D /* ViewController */ = {
			isa = PBXGroup;
			children = (
				C9F20F472CDB63640043351E /* DMListViewController.swift */,
				DC213A852CE307F200E2A2F7 /* DMChattingViewController.swift */,
			);
			path = ViewController;
			sourceTree = "<group>";
		};
		C90827E82CDA64400096BA0D /* View */ = {
			isa = PBXGroup;
			children = (
				DC213A812CE1F6F200E2A2F7 /* DMListTableViewCell.swift */,
				DC213A872CE3086300E2A2F7 /* DMChattingTableViewCell.swift */,
			);
			path = View;
			sourceTree = "<group>";
		};
		C90827E92CDA64440096BA0D /* Coordinator */ = {
			isa = PBXGroup;
			children = (
				C9F20F612CDB70730043351E /* DMCoordinator.swift */,
				C9F20F632CDB709A0043351E /* DefaultDMCoordinator.swift */,
			);
			path = Coordinator;
			sourceTree = "<group>";
		};
		C90827EA2CDA64490096BA0D /* ViewModel */ = {
			isa = PBXGroup;
			children = (
				C9F20F4D2CDB64330043351E /* SearchViewModel.swift */,
			);
			path = ViewModel;
			sourceTree = "<group>";
		};
		C90827EB2CDA644E0096BA0D /* ViewController */ = {
			isa = PBXGroup;
			children = (
				C9F20F4B2CDB64070043351E /* SearchViewController.swift */,
			);
			path = ViewController;
			sourceTree = "<group>";
		};
		C90827EC2CDA64550096BA0D /* View */ = {
			isa = PBXGroup;
			children = (
				C957EA682CE20C2300B62A2A /* SearchEmptyView.swift */,
				C957EA6E2CE21F8A00B62A2A /* RecentSearchTableView.swift */,
				C957EA702CE21FD800B62A2A /* SearchItemTableViewCell.swift */,
				C91BBC042CE37093001EFC70 /* SearchResultView.swift */,
			);
			path = View;
			sourceTree = "<group>";
		};
		C90827ED2CDA64580096BA0D /* Coordinator */ = {
			isa = PBXGroup;
			children = (
				C9F20F652CDB72A60043351E /* SearchCoordinator.swift */,
				C9F20F672CDB72C30043351E /* DefaultSearchCoordinator.swift */,
			);
			path = Coordinator;
			sourceTree = "<group>";
		};
		C90827EE2CDA64600096BA0D /* ViewModel */ = {
			isa = PBXGroup;
			children = (
				C9F20F512CDB64890043351E /* SettingViewModel.swift */,
			);
			path = ViewModel;
			sourceTree = "<group>";
		};
		C90827EF2CDA64660096BA0D /* ViewController */ = {
			isa = PBXGroup;
			children = (
				C9F20F4F2CDB64770043351E /* SettingViewController.swift */,
			);
			path = ViewController;
			sourceTree = "<group>";
		};
		C90827F02CDA646A0096BA0D /* View */ = {
			isa = PBXGroup;
			children = (
				C908280D2CDA650B0096BA0D /* SettingViewEmpty */,
			);
			path = View;
			sourceTree = "<group>";
		};
		C90827F12CDA646E0096BA0D /* Coordinator */ = {
			isa = PBXGroup;
			children = (
				C9F20F692CDB73330043351E /* SettingCoordinator.swift */,
				C9F20F6B2CDB73470043351E /* DefaultSettingCoordinator.swift */,
			);
			path = Coordinator;
			sourceTree = "<group>";
		};
		C90827F22CDA64740096BA0D /* ViewModel */ = {
			isa = PBXGroup;
			children = (
				C9F20F532CDB64C10043351E /* AuthViewModel.swift */,
			);
			path = ViewModel;
			sourceTree = "<group>";
		};
		C90827F32CDA64780096BA0D /* ViewController */ = {
			isa = PBXGroup;
			children = (
				C9F20F552CDB64D30043351E /* AuthViewController.swift */,
			);
			path = ViewController;
			sourceTree = "<group>";
		};
		C90827F42CDA647D0096BA0D /* View */ = {
			isa = PBXGroup;
			children = (
				C908280F2CDA651E0096BA0D /* AuthViewEmpty */,
			);
			path = View;
			sourceTree = "<group>";
		};
		C90827F52CDA64800096BA0D /* Coordinator */ = {
			isa = PBXGroup;
			children = (
				C9F20F6D2CDB743D0043351E /* AuthCoordinator.swift */,
				C9F20F6F2CDB74550043351E /* DefaultAuthCoordinator.swift */,
			);
			path = Coordinator;
			sourceTree = "<group>";
		};
		C90827F62CDA64920096BA0D /* Coordinator */ = {
			isa = PBXGroup;
			children = (
				C9F20F592CDB66270043351E /* AppCoordinator.swift */,
				C9F20F572CDB65AC0043351E /* Coordinator.swift */,
			);
			path = Coordinator;
			sourceTree = "<group>";
		};
		C90828192CDA65DC0096BA0D /* Coordinator */ = {
			isa = PBXGroup;
			children = (
				C9F20F5B2CDB6DB60043351E /* TabBarCoordinator.swift */,
			);
			path = Coordinator;
			sourceTree = "<group>";
		};
		C908281A2CDA65E20096BA0D /* ViewController */ = {
			isa = PBXGroup;
			children = (
				C9F20F3B2CDB5FFD0043351E /* TabBarViewController.swift */,
			);
			path = ViewController;
			sourceTree = "<group>";
		};
		C908283B2CDA66760096BA0D /* DIContainer */ = {
			isa = PBXGroup;
			children = (
				C9F96D3F2CDCE51600271295 /* DIContainer.swift */,
				C9F96D412CDCE5E300271295 /* Dependency.swift */,
			);
			path = DIContainer;
			sourceTree = "<group>";
		};
		C908283C2CDA667E0096BA0D /* Extension */ = {
			isa = PBXGroup;
			children = (
				C90828672CDA78770096BA0D /* String+.swift */,
				C9F96D642CDD295300271295 /* UIFont+.swift */,
				C0327C7B2CE5870A00AEAEE1 /* UIView+.swift */,
				C957EA662CE2095300B62A2A /* UIViewController+.swift */,
				C91BBBF22CE33FF3001EFC70 /* Reactive+.swift */,
			);
			path = Extension;
			sourceTree = "<group>";
		};
		C908283D2CDA66850096BA0D /* Protocol */ = {
			isa = PBXGroup;
			children = (
				C96C729E2CDB28F500E0D6CF /* Reusables.swift */,
				C9F20F452CDB625A0043351E /* ViewModelType.swift */,
				DC9BC0DA2CE8DE9E002AF523 /* NetworkProtocol.swift */,
				DC9375702CEDC0B900012F43 /* SocketProtocol.swift */,
				DC9BC0E42CEA0CAB002AF523 /* KeyChainProtocol.swift */,
			);
			path = Protocol;
			sourceTree = "<group>";
		};
		C908283E2CDA66890096BA0D /* Base */ = {
			isa = PBXGroup;
			children = (
				C96C72942CDAF9CA00E0D6CF /* BaseView.swift */,
				C96C72962CDAF9D100E0D6CF /* BaseViewController.swift */,
				C96C72982CDAF9EA00E0D6CF /* BaseNavigationViewController.swift */,
				C96C729A2CDB289400E0D6CF /* BaseCollectionViewCell.swift */,
				C96C729C2CDB28B400E0D6CF /* BaseTableViewCell.swift */,
			);
			path = Base;
			sourceTree = "<group>";
		};
		C908283F2CDA668E0096BA0D /* Formatter */ = {
			isa = PBXGroup;
			children = (
			);
			path = Formatter;
			sourceTree = "<group>";
		};
		C908284A2CDA68AB0096BA0D /* Core */ = {
			isa = PBXGroup;
			children = (
				C00F90BE2CE75EBC00B7DD62 /* NetworkLogger */,
				C908283B2CDA66760096BA0D /* DIContainer */,
			);
			path = Core;
			sourceTree = "<group>";
		};
		C9BCFCE42CE1CFA2003E5093 /* Custom */ = {
			isa = PBXGroup;
			children = (
				C91BBBF62CE358C8001EFC70 /* UnderlineSegmentedControl.swift */,
				C91BBC102CE3B416001EFC70 /* RoundedButton.swift */,
				C91BBC262CE4E343001EFC70 /* ModalNavigationView.swift */,
				C91BBC282CE4F370001EFC70 /* TitledTextField.swift */,
				C98363E32CE5A3E800AC51CA /* SystemImageLabelView.swift */,
				DC213A832CE23E1B00E2A2F7 /* MessageCountView.swift */,
				DC213A892CE3190700E2A2F7 /* SpeechBubbleView.swift */,
			);
			path = Custom;
			sourceTree = "<group>";
		};
		C9C279F72CDA315500243744 = {
			isa = PBXGroup;
			children = (
				DC213A7F2CE1EEAE00E2A2F7 /* Secrets.xcconfig */,
				C908285E2CDA72B50096BA0D /* .swiftlint.yml */,
				C9C27A022CDA315500243744 /* BuddyBuddy */,
				C9C27A012CDA315500243744 /* Products */,
			);
			sourceTree = "<group>";
		};
		C9C27A012CDA315500243744 /* Products */ = {
			isa = PBXGroup;
			children = (
				C9C27A002CDA315500243744 /* BuddyBuddy.app */,
			);
			name = Products;
			sourceTree = "<group>";
		};
		C9C27A022CDA315500243744 /* BuddyBuddy */ = {
			isa = PBXGroup;
			children = (
				C90827CC2CDA4CA30096BA0D /* App */,
				C908284A2CDA68AB0096BA0D /* Core */,
				C90827CE2CDA4CB10096BA0D /* Data */,
				C90827CF2CDA4CB50096BA0D /* Domain */,
				C90827D02CDA4CBA0096BA0D /* Presentation */,
				C90827D12CDA4CC10096BA0D /* Utils */,
				C90827D22CDA4CFA0096BA0D /* Resources */,
			);
			path = BuddyBuddy;
			sourceTree = "<group>";
		};
		C9F20F382CDB5F030043351E /* Enum */ = {
			isa = PBXGroup;
			children = (
				C9F20F392CDB5F070043351E /* TabKind.swift */,
				C957EA6C2CE21B2500B62A2A /* SearchState.swift */,
				DC9BC0D02CE765B5002AF523 /* DMListState.swift */,
				C91BBC062CE37265001EFC70 /* SearchImageType.swift */,
				C91BBC0A2CE3B162001EFC70 /* AlertType.swift */,
				C91BBC122CE3B62D001EFC70 /* RoundedButtonType.swift */,
			);
			path = Enum;
			sourceTree = "<group>";
		};
		C9F96D532CDD236900271295 /* Base */ = {
			isa = PBXGroup;
			children = (
				DC213A8D2CE32C3E00E2A2F7 /* NetworkService.swift */,
				DC213A912CE332A000E2A2F7 /* TargetType.swift */,
				DC213A932CE365D000E2A2F7 /* Header.swift */,
				DC213A952CE3668700E2A2F7 /* APIKey.swift */,
				DC213AA72CE4632F00E2A2F7 /* AuthIntercepter.swift */,
				DC93756E2CEDB19E00012F43 /* SocketService.swift */,
			);
			path = Base;
			sourceTree = "<group>";
		};
		C9F96D562CDD242200271295 /* Request */ = {
			isa = PBXGroup;
			children = (
				DC213AAB2CE47A8900E2A2F7 /* LoginQuery.swift */,
			);
			path = Request;
			sourceTree = "<group>";
		};
		C9F96D592CDD260000271295 /* Realm */ = {
			isa = PBXGroup;
			children = (
				DC93755F2CEC67D900012F43 /* RealmTable.swift */,
				DC9375612CEC73B800012F43 /* RealmRepository.swift */,
			);
			path = Realm;
			sourceTree = "<group>";
		};
		C9F96D5A2CDD268100271295 /* LocalStorage */ = {
			isa = PBXGroup;
			children = (
				C9F96D5E2CDD26FC00271295 /* Keychain */,
				C9F96D5B2CDD26ED00271295 /* UserDefaults */,
			);
			path = LocalStorage;
			sourceTree = "<group>";
		};
		C9F96D5B2CDD26ED00271295 /* UserDefaults */ = {
			isa = PBXGroup;
			children = (
				C9F96D5C2CDD26F800271295 /* UserDefaultsEmpty */,
			);
			path = UserDefaults;
			sourceTree = "<group>";
		};
		C9F96D5E2CDD26FC00271295 /* Keychain */ = {
			isa = PBXGroup;
			children = (
				DC213AA92CE4742F00E2A2F7 /* KeyChainManager.swift */,
			);
			path = Keychain;
			sourceTree = "<group>";
		};
		C9F96D612CDD289000271295 /* Font */ = {
			isa = PBXGroup;
			children = (
				C9F96D632CDD28D000271295 /* Pretendard-Bold.otf */,
				C9F96D622CDD28D000271295 /* Pretendard-Medium.otf */,
			);
			path = Font;
			sourceTree = "<group>";
		};
		DC213A9D2CE36CA000E2A2F7 /* DM */ = {
			isa = PBXGroup;
			children = (
				DC213A9E2CE36CA700E2A2F7 /* DMList.swift */,
				DC9BC0D42CE8DAA6002AF523 /* DMHistory.swift */,
				DC9BC0DE2CE9BB4B002AF523 /* DMUnRead.swift */,
				DC9375632CEC7E6500012F43 /* UserInfo.swift */,
			);
			path = DM;
			sourceTree = "<group>";
		};
		DC213AA02CE36DFC00E2A2F7 /* DM */ = {
			isa = PBXGroup;
			children = (
				DC213AA12CE36E0700E2A2F7 /* DMListDTO.swift */,
				DC9BC0D22CE8DA29002AF523 /* DMHistoryDTO.swift */,
				DC9BC0DC2CE9BB21002AF523 /* DMUnReadDTO.swift */,
				DC9375722CEDF8A000012F43 /* UserInfoDTO.swift */,
			);
			path = DM;
			sourceTree = "<group>";
		};
		DC213AAD2CE4847A00E2A2F7 /* AccessToken */ = {
			isa = PBXGroup;
			children = (
				DC213AAE2CE4848B00E2A2F7 /* AccessTokenDTO.swift */,
			);
			path = AccessToken;
			sourceTree = "<group>";
		};
		DC213AB02CE484B600E2A2F7 /* AccessToken */ = {
			isa = PBXGroup;
			children = (
				DC213AB12CE484BE00E2A2F7 /* AccessToken.swift */,
			);
			path = AccessToken;
			sourceTree = "<group>";
		};
		DC213AB32CE4874F00E2A2F7 /* LogIn */ = {
			isa = PBXGroup;
			children = (
				DC213AB42CE4876600E2A2F7 /* LogInDTO.swift */,
			);
			path = LogIn;
			sourceTree = "<group>";
		};
		DC9BC0CF2CE748C6002AF523 /* Router */ = {
			isa = PBXGroup;
			children = (
				DC213A8F2CE32C4500E2A2F7 /* LogInRouter.swift */,
				DC9BC0CD2CE73EA0002AF523 /* DMRouter.swift */,
			);
			path = Router;
			sourceTree = "<group>";
		};
/* End PBXGroup section */

/* Begin PBXNativeTarget section */
		C9C279FF2CDA315500243744 /* BuddyBuddy */ = {
			isa = PBXNativeTarget;
			buildConfigurationList = C9C27A172CDA315600243744 /* Build configuration list for PBXNativeTarget "BuddyBuddy" */;
			buildPhases = (
				C9C279FC2CDA315500243744 /* Sources */,
				C9C279FD2CDA315500243744 /* Frameworks */,
				C9C279FE2CDA315500243744 /* Resources */,
				C908285D2CDA70060096BA0D /* ShellScript */,
			);
			buildRules = (
			);
			dependencies = (
			);
			name = BuddyBuddy;
			packageProductDependencies = (
				C908284C2CDA6B760096BA0D /* RxCocoa */,
				C908284E2CDA6B760096BA0D /* RxSwift */,
				C90828512CDA6BD90096BA0D /* Alamofire */,
				C90828542CDA6D6E0096BA0D /* Nuke */,
				C90828572CDA6D910096BA0D /* SnapKit */,
				C908285A2CDA6E940096BA0D /* RealmSwift */,
				C90828612CDA75CF0096BA0D /* RxKakaoSDKAuth */,
				C90828632CDA75CF0096BA0D /* RxKakaoSDKCommon */,
				C0BF428A2CE4721600C5B5B4 /* Differentiator */,
				C0BF428C2CE4721600C5B5B4 /* RxDataSources */,
				DC9375792CEE330700012F43 /* SocketIO */,
			);
			productName = BuddyBuddy;
			productReference = C9C27A002CDA315500243744 /* BuddyBuddy.app */;
			productType = "com.apple.product-type.application";
		};
/* End PBXNativeTarget section */

/* Begin PBXProject section */
		C9C279F82CDA315500243744 /* Project object */ = {
			isa = PBXProject;
			attributes = {
				BuildIndependentTargetsInParallel = 1;
				LastSwiftUpdateCheck = 1530;
				LastUpgradeCheck = 1530;
				TargetAttributes = {
					C9C279FF2CDA315500243744 = {
						CreatedOnToolsVersion = 15.3;
					};
				};
			};
			buildConfigurationList = C9C279FB2CDA315500243744 /* Build configuration list for PBXProject "BuddyBuddy" */;
			compatibilityVersion = "Xcode 14.0";
			developmentRegion = ko;
			hasScannedForEncodings = 0;
			knownRegions = (
				en,
				Base,
				ko,
			);
			mainGroup = C9C279F72CDA315500243744;
			packageReferences = (
				C908284B2CDA6B760096BA0D /* XCRemoteSwiftPackageReference "RxSwift" */,
				C90828502CDA6BD90096BA0D /* XCRemoteSwiftPackageReference "Alamofire" */,
				C90828532CDA6D6E0096BA0D /* XCRemoteSwiftPackageReference "Nuke" */,
				C90828562CDA6D910096BA0D /* XCRemoteSwiftPackageReference "SnapKit" */,
				C90828592CDA6E940096BA0D /* XCRemoteSwiftPackageReference "realm-swift" */,
				C908285C2CDA6FEC0096BA0D /* XCRemoteSwiftPackageReference "SwiftLint" */,
				C90828602CDA75CF0096BA0D /* XCRemoteSwiftPackageReference "kakao-ios-sdk-rx" */,
				C0BF42892CE4721600C5B5B4 /* XCRemoteSwiftPackageReference "RxDataSources" */,
				DC9375782CEE330700012F43 /* XCRemoteSwiftPackageReference "socket.io-client-swift" */,
			);
			productRefGroup = C9C27A012CDA315500243744 /* Products */;
			projectDirPath = "";
			projectRoot = "";
			targets = (
				C9C279FF2CDA315500243744 /* BuddyBuddy */,
			);
		};
/* End PBXProject section */

/* Begin PBXResourcesBuildPhase section */
		C9C279FE2CDA315500243744 /* Resources */ = {
			isa = PBXResourcesBuildPhase;
			buildActionMask = 2147483647;
			files = (
				C91BBC082CE396B6001EFC70 /* Pretendard-Bold.otf in Resources */,
				C91BBC092CE396B6001EFC70 /* Pretendard-Medium.otf in Resources */,
				DC213A802CE1EEAF00E2A2F7 /* Secrets.xcconfig in Resources */,
				C908285F2CDA72B50096BA0D /* .swiftlint.yml in Resources */,
				C90828102CDA651E0096BA0D /* AuthViewEmpty in Resources */,
				C9C27A102CDA315600243744 /* Assets.xcassets in Resources */,
				C908280E2CDA650B0096BA0D /* SettingViewEmpty in Resources */,
				C90828662CDA780D0096BA0D /* Localizable.xcstrings in Resources */,
				C9C27A132CDA315600243744 /* Base in Resources */,
				C9F96D5D2CDD26F800271295 /* UserDefaultsEmpty in Resources */,
			);
			runOnlyForDeploymentPostprocessing = 0;
		};
/* End PBXResourcesBuildPhase section */

/* Begin PBXShellScriptBuildPhase section */
		C908285D2CDA70060096BA0D /* ShellScript */ = {
			isa = PBXShellScriptBuildPhase;
			alwaysOutOfDate = 1;
			buildActionMask = 2147483647;
			files = (
			);
			inputFileListPaths = (
			);
			inputPaths = (
			);
			outputFileListPaths = (
			);
			outputPaths = (
			);
			runOnlyForDeploymentPostprocessing = 0;
			shellPath = /bin/sh;
			shellScript = "if [[ \"$(uname -m)\" == arm64 ]]; then\n    export PATH=\"/opt/homebrew/bin:$PATH\"\nfi\n\nif which swiftlint > /dev/null; then\n  swiftlint\nelse\n  echo \"warning: SwiftLint not installed, download from https://github.com/realm/SwiftLint\"\nfi\n";
		};
/* End PBXShellScriptBuildPhase section */

/* Begin PBXSourcesBuildPhase section */
		C9C279FC2CDA315500243744 /* Sources */ = {
			isa = PBXSourcesBuildPhase;
			buildActionMask = 2147483647;
			files = (
				DC213AB82CE6186800E2A2F7 /* DMListViewController.swift in Sources */,
				DC213AB92CE6186800E2A2F7 /* DMListViewModel.swift in Sources */,
				C91BBC192CE487BA001EFC70 /* ChannelSettingBottomView.swift in Sources */,
				DC9375732CEDF8A000012F43 /* UserInfoDTO.swift in Sources */,
				DC213AA62CE374A700E2A2F7 /* DefaultDMUseCase.swift in Sources */,
				DC213A8E2CE32C3E00E2A2F7 /* NetworkService.swift in Sources */,
				C9F20F522CDB64890043351E /* SettingViewModel.swift in Sources */,
				C9F20F5A2CDB66270043351E /* AppCoordinator.swift in Sources */,
				C91BBC292CE4F370001EFC70 /* TitledTextField.swift in Sources */,
				C957EA672CE2095300B62A2A /* UIViewController+.swift in Sources */,
				C957EA692CE20C2300B62A2A /* SearchEmptyView.swift in Sources */,
				C9F96D652CDD295300271295 /* UIFont+.swift in Sources */,
				C9F20F6C2CDB73470043351E /* DefaultSettingCoordinator.swift in Sources */,
				C98363E02CE59F7E00AC51CA /* ProfileBottomView.swift in Sources */,
				C98363E42CE5A3E800AC51CA /* SystemImageLabelView.swift in Sources */,
				C91BBC2D2CE4F830001EFC70 /* InviteMemberViewModel.swift in Sources */,
				DC213A882CE3086300E2A2F7 /* DMChattingTableViewCell.swift in Sources */,
				C9F20F3A2CDB5F070043351E /* TabKind.swift in Sources */,
				C91BBC212CE4C7A7001EFC70 /* ChannelAdminTableViewCell.swift in Sources */,
				C9C27A042CDA315500243744 /* AppDelegate.swift in Sources */,
				C9F20F5C2CDB6DB60043351E /* TabBarCoordinator.swift in Sources */,
				C0BF42882CE211BB00C5B5B4 /* ChannelView.swift in Sources */,
				C9F20F4E2CDB64330043351E /* SearchViewModel.swift in Sources */,
				C9F20F662CDB72A60043351E /* SearchCoordinator.swift in Sources */,
				C96C72952CDAF9CA00E0D6CF /* BaseView.swift in Sources */,
				C9F20F642CDB709A0043351E /* DefaultDMCoordinator.swift in Sources */,
				C98363DE2CE58AD400AC51CA /* ProfileViewModel.swift in Sources */,
				DC9375712CEDC0B900012F43 /* SocketProtocol.swift in Sources */,
				C0EA66802CE7227D00401F92 /* ChannelAddTableViewCell.swift in Sources */,
				C91BBC272CE4E343001EFC70 /* ModalNavigationView.swift in Sources */,
				C00F90C02CE75EC800B7DD62 /* NetworkLogger.swift in Sources */,
				C9F20F3C2CDB5FFD0043351E /* TabBarViewController.swift in Sources */,
				C91BBC172CE47F66001EFC70 /* ChannelSettingTopView.swift in Sources */,
				C9F20F582CDB65AC0043351E /* Coordinator.swift in Sources */,
				C90828682CDA78770096BA0D /* String+.swift in Sources */,
				DC213A942CE365D000E2A2F7 /* Header.swift in Sources */,
				DC9375752CEE081D00012F43 /* DefaultSocketRepository.swift in Sources */,
				C9F20F622CDB70730043351E /* DMCoordinator.swift in Sources */,
				C0BF42932CE47A6100C5B5B4 /* UnreadChannelTableViewCell.swift in Sources */,
				DC9375602CEC67D900012F43 /* RealmTable.swift in Sources */,
				DC9BC0DB2CE8DE9E002AF523 /* NetworkProtocol.swift in Sources */,
				C96C729D2CDB28B400E0D6CF /* BaseTableViewCell.swift in Sources */,
				C957EA6F2CE21F8A00B62A2A /* RecentSearchTableView.swift in Sources */,
				C9F96D402CDCE51600271295 /* DIContainer.swift in Sources */,
				DC213A9F2CE36CA700E2A2F7 /* DMList.swift in Sources */,
				C9F20F6A2CDB73330043351E /* SettingCoordinator.swift in Sources */,
				C91BBC132CE3B62D001EFC70 /* RoundedButtonType.swift in Sources */,
				C91BBC1F2CE4B213001EFC70 /* ChannelSettingViewModel.swift in Sources */,
				C9C27A062CDA315500243744 /* SceneDelegate.swift in Sources */,
				C9F20F462CDB625A0043351E /* ViewModelType.swift in Sources */,
				C0BF42952CE4D71E00C5B5B4 /* ChannelSectionModel.swift in Sources */,
				DC9BC0CE2CE73EA0002AF523 /* DMRouter.swift in Sources */,
				C0327C7C2CE5870A00AEAEE1 /* UIView+.swift in Sources */,
				C96C729F2CDB28F500E0D6CF /* Reusables.swift in Sources */,
				C91BBBF32CE33FF3001EFC70 /* Reactive+.swift in Sources */,
				C91BBC232CE4CF97001EFC70 /* ChannelAdminViewController.swift in Sources */,
				C91BBBF72CE358C8001EFC70 /* UnderlineSegmentedControl.swift in Sources */,
				C91BBC072CE37265001EFC70 /* SearchImageType.swift in Sources */,
				C9F96D672CDD2A5400271295 /* AppDelegate+Register.swift in Sources */,
				DC93756F2CEDB19E00012F43 /* SocketService.swift in Sources */,
				C9F20F442CDB62530043351E /* HomeViewModel.swift in Sources */,
				C0BF42912CE4774B00C5B5B4 /* ReadChannelTableViewCell.swift in Sources */,
				DC213AB22CE484BE00E2A2F7 /* AccessToken.swift in Sources */,
				DC9BC0D52CE8DAA6002AF523 /* DMHistory.swift in Sources */,
				C9F20F4C2CDB64070043351E /* SearchViewController.swift in Sources */,
				C957EA712CE21FD800B62A2A /* SearchItemTableViewCell.swift in Sources */,
				C957EA6D2CE21B2500B62A2A /* SearchState.swift in Sources */,
				C96C729B2CDB289400E0D6CF /* BaseCollectionViewCell.swift in Sources */,
				DC9375622CEC73B800012F43 /* RealmRepository.swift in Sources */,
				C91BBC252CE4D25C001EFC70 /* ChangeAdminViewModel.swift in Sources */,
				C91BBC0B2CE3B162001EFC70 /* AlertType.swift in Sources */,
				C9F20F562CDB64D30043351E /* AuthViewController.swift in Sources */,
				C91BBC2B2CE4F7F0001EFC70 /* InviteMemberViewController.swift in Sources */,
				DC213A8C2CE31B9A00E2A2F7 /* DMChattingViewModel.swift in Sources */,
				DC213A8A2CE3190700E2A2F7 /* SpeechBubbleView.swift in Sources */,
				DC9BC0DF2CE9BB4B002AF523 /* DMUnRead.swift in Sources */,
				DC9375642CEC7E6500012F43 /* UserInfo.swift in Sources */,
				C9F20F6E2CDB743D0043351E /* AuthCoordinator.swift in Sources */,
				DC9BC0E52CEA0CAB002AF523 /* KeyChainProtocol.swift in Sources */,
				C9F20F702CDB74550043351E /* DefaultAuthCoordinator.swift in Sources */,
				DC213A862CE307F200E2A2F7 /* DMChattingViewController.swift in Sources */,
				C9F20F5E2CDB6E6C0043351E /* HomeCoordinator.swift in Sources */,
				DC213AA42CE3744300E2A2F7 /* DMUseCaseInterface.swift in Sources */,
				C9F20F682CDB72C30043351E /* DefaultSearchCoordinator.swift in Sources */,
				DC213A922CE332A000E2A2F7 /* TargetType.swift in Sources */,
				C9F20F602CDB6E7E0043351E /* DefaultHomeCoordinator.swift in Sources */,
				C91BBC152CE472CA001EFC70 /* ChannelSettingCell.swift in Sources */,
				C91BBC052CE37093001EFC70 /* SearchResultView.swift in Sources */,
				DC213AA22CE36E0700E2A2F7 /* DMListDTO.swift in Sources */,
				DC9BC0D32CE8DA29002AF523 /* DMHistoryDTO.swift in Sources */,
				DC213AAA2CE4742F00E2A2F7 /* KeyChainManager.swift in Sources */,
				DC9375662CECAAF100012F43 /* DefaultDMRepository.swift in Sources */,
				DC9375772CEE087B00012F43 /* SocketRepositoryInterface.swift in Sources */,
				DC9BC0D12CE765B5002AF523 /* DMListState.swift in Sources */,
				C9F20F502CDB64770043351E /* SettingViewController.swift in Sources */,
				C9F96D422CDCE5E300271295 /* Dependency.swift in Sources */,
				C91BBC1B2CE48E7B001EFC70 /* ChannelSettingMiddleView.swift in Sources */,
				C96C72992CDAF9EA00E0D6CF /* BaseNavigationViewController.swift in Sources */,
				C9F20F542CDB64C10043351E /* AuthViewModel.swift in Sources */,
				DC213A822CE1F6F200E2A2F7 /* DMListTableViewCell.swift in Sources */,
				DC213A962CE3668700E2A2F7 /* APIKey.swift in Sources */,
				C9F20F422CDB61F50043351E /* HomeViewController.swift in Sources */,
				C0BF428F2CE473BF00C5B5B4 /* ChannelTitleTableViewCell.swift in Sources */,
				DC213A842CE23E1B00E2A2F7 /* MessageCountView.swift in Sources */,
				DC213AAC2CE47A8900E2A2F7 /* LoginQuery.swift in Sources */,
				DC9BC0DD2CE9BB21002AF523 /* DMUnReadDTO.swift in Sources */,
				C96C72972CDAF9D100E0D6CF /* BaseViewController.swift in Sources */,
				C98363DC2CE58AA200AC51CA /* ProfileViewController.swift in Sources */,
				C91BBC112CE3B416001EFC70 /* RoundedButton.swift in Sources */,
				C91BBC1D2CE49366001EFC70 /* ChannelSettingViewController.swift in Sources */,
				DC213AAF2CE4848B00E2A2F7 /* AccessTokenDTO.swift in Sources */,
				DC9375682CECAB5D00012F43 /* DMRepositoryInterface.swift in Sources */,
				DC213AB52CE4876700E2A2F7 /* LogInDTO.swift in Sources */,
				DC213AA82CE4632F00E2A2F7 /* AuthIntercepter.swift in Sources */,
				DC213A902CE32C4500E2A2F7 /* LogInRouter.swift in Sources */,
			);
			runOnlyForDeploymentPostprocessing = 0;
		};
/* End PBXSourcesBuildPhase section */

/* Begin PBXVariantGroup section */
		C9C27A112CDA315600243744 /* LaunchScreen.storyboard */ = {
			isa = PBXVariantGroup;
			children = (
				C9C27A122CDA315600243744 /* Base */,
			);
			name = LaunchScreen.storyboard;
			sourceTree = "<group>";
		};
/* End PBXVariantGroup section */

/* Begin XCBuildConfiguration section */
		C9C27A152CDA315600243744 /* Debug */ = {
			isa = XCBuildConfiguration;
			buildSettings = {
				ALWAYS_SEARCH_USER_PATHS = NO;
				ASSETCATALOG_COMPILER_GENERATE_SWIFT_ASSET_SYMBOL_EXTENSIONS = YES;
				CLANG_ANALYZER_NONNULL = YES;
				CLANG_ANALYZER_NUMBER_OBJECT_CONVERSION = YES_AGGRESSIVE;
				CLANG_CXX_LANGUAGE_STANDARD = "gnu++20";
				CLANG_ENABLE_MODULES = YES;
				CLANG_ENABLE_OBJC_ARC = YES;
				CLANG_ENABLE_OBJC_WEAK = YES;
				CLANG_WARN_BLOCK_CAPTURE_AUTORELEASING = YES;
				CLANG_WARN_BOOL_CONVERSION = YES;
				CLANG_WARN_COMMA = YES;
				CLANG_WARN_CONSTANT_CONVERSION = YES;
				CLANG_WARN_DEPRECATED_OBJC_IMPLEMENTATIONS = YES;
				CLANG_WARN_DIRECT_OBJC_ISA_USAGE = YES_ERROR;
				CLANG_WARN_DOCUMENTATION_COMMENTS = YES;
				CLANG_WARN_EMPTY_BODY = YES;
				CLANG_WARN_ENUM_CONVERSION = YES;
				CLANG_WARN_INFINITE_RECURSION = YES;
				CLANG_WARN_INT_CONVERSION = YES;
				CLANG_WARN_NON_LITERAL_NULL_CONVERSION = YES;
				CLANG_WARN_OBJC_IMPLICIT_RETAIN_SELF = YES;
				CLANG_WARN_OBJC_LITERAL_CONVERSION = YES;
				CLANG_WARN_OBJC_ROOT_CLASS = YES_ERROR;
				CLANG_WARN_QUOTED_INCLUDE_IN_FRAMEWORK_HEADER = YES;
				CLANG_WARN_RANGE_LOOP_ANALYSIS = YES;
				CLANG_WARN_STRICT_PROTOTYPES = YES;
				CLANG_WARN_SUSPICIOUS_MOVE = YES;
				CLANG_WARN_UNGUARDED_AVAILABILITY = YES_AGGRESSIVE;
				CLANG_WARN_UNREACHABLE_CODE = YES;
				CLANG_WARN__DUPLICATE_METHOD_MATCH = YES;
				COPY_PHASE_STRIP = NO;
				DEBUG_INFORMATION_FORMAT = dwarf;
				ENABLE_STRICT_OBJC_MSGSEND = YES;
				ENABLE_TESTABILITY = YES;
				ENABLE_USER_SCRIPT_SANDBOXING = YES;
				GCC_C_LANGUAGE_STANDARD = gnu17;
				GCC_DYNAMIC_NO_PIC = NO;
				GCC_NO_COMMON_BLOCKS = YES;
				GCC_OPTIMIZATION_LEVEL = 0;
				GCC_PREPROCESSOR_DEFINITIONS = (
					"DEBUG=1",
					"$(inherited)",
				);
				GCC_WARN_64_TO_32_BIT_CONVERSION = YES;
				GCC_WARN_ABOUT_RETURN_TYPE = YES_ERROR;
				GCC_WARN_UNDECLARED_SELECTOR = YES;
				GCC_WARN_UNINITIALIZED_AUTOS = YES_AGGRESSIVE;
				GCC_WARN_UNUSED_FUNCTION = YES;
				GCC_WARN_UNUSED_VARIABLE = YES;
				IPHONEOS_DEPLOYMENT_TARGET = 15.0;
				LOCALIZATION_PREFERS_STRING_CATALOGS = YES;
				MTL_ENABLE_DEBUG_INFO = INCLUDE_SOURCE;
				MTL_FAST_MATH = YES;
				ONLY_ACTIVE_ARCH = YES;
				SDKROOT = iphoneos;
				SWIFT_ACTIVE_COMPILATION_CONDITIONS = "DEBUG $(inherited)";
				SWIFT_OPTIMIZATION_LEVEL = "-Onone";
			};
			name = Debug;
		};
		C9C27A162CDA315600243744 /* Release */ = {
			isa = XCBuildConfiguration;
			buildSettings = {
				ALWAYS_SEARCH_USER_PATHS = NO;
				ASSETCATALOG_COMPILER_GENERATE_SWIFT_ASSET_SYMBOL_EXTENSIONS = YES;
				CLANG_ANALYZER_NONNULL = YES;
				CLANG_ANALYZER_NUMBER_OBJECT_CONVERSION = YES_AGGRESSIVE;
				CLANG_CXX_LANGUAGE_STANDARD = "gnu++20";
				CLANG_ENABLE_MODULES = YES;
				CLANG_ENABLE_OBJC_ARC = YES;
				CLANG_ENABLE_OBJC_WEAK = YES;
				CLANG_WARN_BLOCK_CAPTURE_AUTORELEASING = YES;
				CLANG_WARN_BOOL_CONVERSION = YES;
				CLANG_WARN_COMMA = YES;
				CLANG_WARN_CONSTANT_CONVERSION = YES;
				CLANG_WARN_DEPRECATED_OBJC_IMPLEMENTATIONS = YES;
				CLANG_WARN_DIRECT_OBJC_ISA_USAGE = YES_ERROR;
				CLANG_WARN_DOCUMENTATION_COMMENTS = YES;
				CLANG_WARN_EMPTY_BODY = YES;
				CLANG_WARN_ENUM_CONVERSION = YES;
				CLANG_WARN_INFINITE_RECURSION = YES;
				CLANG_WARN_INT_CONVERSION = YES;
				CLANG_WARN_NON_LITERAL_NULL_CONVERSION = YES;
				CLANG_WARN_OBJC_IMPLICIT_RETAIN_SELF = YES;
				CLANG_WARN_OBJC_LITERAL_CONVERSION = YES;
				CLANG_WARN_OBJC_ROOT_CLASS = YES_ERROR;
				CLANG_WARN_QUOTED_INCLUDE_IN_FRAMEWORK_HEADER = YES;
				CLANG_WARN_RANGE_LOOP_ANALYSIS = YES;
				CLANG_WARN_STRICT_PROTOTYPES = YES;
				CLANG_WARN_SUSPICIOUS_MOVE = YES;
				CLANG_WARN_UNGUARDED_AVAILABILITY = YES_AGGRESSIVE;
				CLANG_WARN_UNREACHABLE_CODE = YES;
				CLANG_WARN__DUPLICATE_METHOD_MATCH = YES;
				COPY_PHASE_STRIP = NO;
				DEBUG_INFORMATION_FORMAT = "dwarf-with-dsym";
				ENABLE_NS_ASSERTIONS = NO;
				ENABLE_STRICT_OBJC_MSGSEND = YES;
				ENABLE_USER_SCRIPT_SANDBOXING = YES;
				GCC_C_LANGUAGE_STANDARD = gnu17;
				GCC_NO_COMMON_BLOCKS = YES;
				GCC_WARN_64_TO_32_BIT_CONVERSION = YES;
				GCC_WARN_ABOUT_RETURN_TYPE = YES_ERROR;
				GCC_WARN_UNDECLARED_SELECTOR = YES;
				GCC_WARN_UNINITIALIZED_AUTOS = YES_AGGRESSIVE;
				GCC_WARN_UNUSED_FUNCTION = YES;
				GCC_WARN_UNUSED_VARIABLE = YES;
				IPHONEOS_DEPLOYMENT_TARGET = 15.0;
				LOCALIZATION_PREFERS_STRING_CATALOGS = YES;
				MTL_ENABLE_DEBUG_INFO = NO;
				MTL_FAST_MATH = YES;
				SDKROOT = iphoneos;
				SWIFT_COMPILATION_MODE = wholemodule;
				VALIDATE_PRODUCT = YES;
			};
			name = Release;
		};
		C9C27A182CDA315600243744 /* Debug */ = {
			isa = XCBuildConfiguration;
			baseConfigurationReference = DC213A7F2CE1EEAE00E2A2F7 /* Secrets.xcconfig */;
			buildSettings = {
				ASSETCATALOG_COMPILER_APPICON_NAME = AppIcon;
				ASSETCATALOG_COMPILER_GLOBAL_ACCENT_COLOR_NAME = AccentColor;
				CODE_SIGN_STYLE = Automatic;
				CURRENT_PROJECT_VERSION = 1;
				DEVELOPMENT_TEAM = T4W7695R5C;
				ENABLE_USER_SCRIPT_SANDBOXING = NO;
				GENERATE_INFOPLIST_FILE = YES;
				INFOPLIST_FILE = BuddyBuddy/Resources/Info.plist;
				INFOPLIST_KEY_UIApplicationSupportsIndirectInputEvents = YES;
				INFOPLIST_KEY_UILaunchStoryboardName = LaunchScreen;
				INFOPLIST_KEY_UISupportedInterfaceOrientations = UIInterfaceOrientationPortrait;
				INFOPLIST_KEY_UISupportedInterfaceOrientations_iPad = UIInterfaceOrientationPortrait;
				INFOPLIST_KEY_UIUserInterfaceStyle = Light;
				IPHONEOS_DEPLOYMENT_TARGET = 15.0;
				LD_RUNPATH_SEARCH_PATHS = (
					"$(inherited)",
					"@executable_path/Frameworks",
				);
				MARKETING_VERSION = 1.0;
				PRODUCT_BUNDLE_IDENTIFIER = "com.buddy-iOS.BuddyBuddy";
				PRODUCT_NAME = "$(TARGET_NAME)";
				SUPPORTED_PLATFORMS = "iphoneos iphonesimulator";
				SUPPORTS_MACCATALYST = NO;
				SUPPORTS_MAC_DESIGNED_FOR_IPHONE_IPAD = NO;
				SUPPORTS_XR_DESIGNED_FOR_IPHONE_IPAD = NO;
				SWIFT_EMIT_LOC_STRINGS = YES;
				SWIFT_VERSION = 5.0;
				TARGETED_DEVICE_FAMILY = 1;
			};
			name = Debug;
		};
		C9C27A192CDA315600243744 /* Release */ = {
			isa = XCBuildConfiguration;
			buildSettings = {
				ASSETCATALOG_COMPILER_APPICON_NAME = AppIcon;
				ASSETCATALOG_COMPILER_GLOBAL_ACCENT_COLOR_NAME = AccentColor;
				CODE_SIGN_STYLE = Automatic;
				CURRENT_PROJECT_VERSION = 1;
				DEVELOPMENT_TEAM = T4W7695R5C;
				ENABLE_USER_SCRIPT_SANDBOXING = NO;
				GENERATE_INFOPLIST_FILE = YES;
				INFOPLIST_FILE = BuddyBuddy/Resources/Info.plist;
				INFOPLIST_KEY_UIApplicationSupportsIndirectInputEvents = YES;
				INFOPLIST_KEY_UILaunchStoryboardName = LaunchScreen;
				INFOPLIST_KEY_UISupportedInterfaceOrientations = UIInterfaceOrientationPortrait;
				INFOPLIST_KEY_UISupportedInterfaceOrientations_iPad = UIInterfaceOrientationPortrait;
				INFOPLIST_KEY_UIUserInterfaceStyle = Light;
				IPHONEOS_DEPLOYMENT_TARGET = 15.0;
				LD_RUNPATH_SEARCH_PATHS = (
					"$(inherited)",
					"@executable_path/Frameworks",
				);
				MARKETING_VERSION = 1.0;
				PRODUCT_BUNDLE_IDENTIFIER = "com.buddy-iOS.BuddyBuddy";
				PRODUCT_NAME = "$(TARGET_NAME)";
				SUPPORTED_PLATFORMS = "iphoneos iphonesimulator";
				SUPPORTS_MACCATALYST = NO;
				SUPPORTS_MAC_DESIGNED_FOR_IPHONE_IPAD = NO;
				SUPPORTS_XR_DESIGNED_FOR_IPHONE_IPAD = NO;
				SWIFT_EMIT_LOC_STRINGS = YES;
				SWIFT_VERSION = 5.0;
				TARGETED_DEVICE_FAMILY = 1;
			};
			name = Release;
		};
/* End XCBuildConfiguration section */

/* Begin XCConfigurationList section */
		C9C279FB2CDA315500243744 /* Build configuration list for PBXProject "BuddyBuddy" */ = {
			isa = XCConfigurationList;
			buildConfigurations = (
				C9C27A152CDA315600243744 /* Debug */,
				C9C27A162CDA315600243744 /* Release */,
			);
			defaultConfigurationIsVisible = 0;
			defaultConfigurationName = Release;
		};
		C9C27A172CDA315600243744 /* Build configuration list for PBXNativeTarget "BuddyBuddy" */ = {
			isa = XCConfigurationList;
			buildConfigurations = (
				C9C27A182CDA315600243744 /* Debug */,
				C9C27A192CDA315600243744 /* Release */,
			);
			defaultConfigurationIsVisible = 0;
			defaultConfigurationName = Release;
		};
/* End XCConfigurationList section */

/* Begin XCRemoteSwiftPackageReference section */
		C0BF42892CE4721600C5B5B4 /* XCRemoteSwiftPackageReference "RxDataSources" */ = {
			isa = XCRemoteSwiftPackageReference;
			repositoryURL = "https://github.com/RxSwiftCommunity/RxDataSources.git";
			requirement = {
				kind = upToNextMajorVersion;
				minimumVersion = 5.0.2;
			};
		};
		C908284B2CDA6B760096BA0D /* XCRemoteSwiftPackageReference "RxSwift" */ = {
			isa = XCRemoteSwiftPackageReference;
			repositoryURL = "https://github.com/ReactiveX/RxSwift.git";
			requirement = {
				kind = upToNextMajorVersion;
				minimumVersion = 6.8.0;
			};
		};
		C90828502CDA6BD90096BA0D /* XCRemoteSwiftPackageReference "Alamofire" */ = {
			isa = XCRemoteSwiftPackageReference;
			repositoryURL = "https://github.com/Alamofire/Alamofire.git";
			requirement = {
				kind = upToNextMajorVersion;
				minimumVersion = 5.10.1;
			};
		};
		C90828532CDA6D6E0096BA0D /* XCRemoteSwiftPackageReference "Nuke" */ = {
			isa = XCRemoteSwiftPackageReference;
			repositoryURL = "https://github.com/kean/Nuke.git";
			requirement = {
				kind = upToNextMajorVersion;
				minimumVersion = 12.8.0;
			};
		};
		C90828562CDA6D910096BA0D /* XCRemoteSwiftPackageReference "SnapKit" */ = {
			isa = XCRemoteSwiftPackageReference;
			repositoryURL = "https://github.com/SnapKit/SnapKit.git";
			requirement = {
				kind = upToNextMajorVersion;
				minimumVersion = 5.7.1;
			};
		};
		C90828592CDA6E940096BA0D /* XCRemoteSwiftPackageReference "realm-swift" */ = {
			isa = XCRemoteSwiftPackageReference;
			repositoryURL = "https://github.com/realm/realm-swift.git";
			requirement = {
				kind = exactVersion;
				version = 10.54.1;
			};
		};
		C908285C2CDA6FEC0096BA0D /* XCRemoteSwiftPackageReference "SwiftLint" */ = {
			isa = XCRemoteSwiftPackageReference;
			repositoryURL = "https://github.com/realm/SwiftLint.git";
			requirement = {
				kind = upToNextMajorVersion;
				minimumVersion = 0.57.0;
			};
		};
		C90828602CDA75CF0096BA0D /* XCRemoteSwiftPackageReference "kakao-ios-sdk-rx" */ = {
			isa = XCRemoteSwiftPackageReference;
			repositoryURL = "https://github.com/kakao/kakao-ios-sdk-rx";
			requirement = {
				kind = upToNextMajorVersion;
				minimumVersion = 2.23.0;
			};
		};
		DC9375782CEE330700012F43 /* XCRemoteSwiftPackageReference "socket.io-client-swift" */ = {
			isa = XCRemoteSwiftPackageReference;
			repositoryURL = "https://github.com/socketio/socket.io-client-swift.git";
			requirement = {
				kind = upToNextMinorVersion;
				minimumVersion = 16.1.1;
			};
		};
/* End XCRemoteSwiftPackageReference section */

/* Begin XCSwiftPackageProductDependency section */
		C0BF428A2CE4721600C5B5B4 /* Differentiator */ = {
			isa = XCSwiftPackageProductDependency;
			package = C0BF42892CE4721600C5B5B4 /* XCRemoteSwiftPackageReference "RxDataSources" */;
			productName = Differentiator;
		};
		C0BF428C2CE4721600C5B5B4 /* RxDataSources */ = {
			isa = XCSwiftPackageProductDependency;
			package = C0BF42892CE4721600C5B5B4 /* XCRemoteSwiftPackageReference "RxDataSources" */;
			productName = RxDataSources;
		};
		C908284C2CDA6B760096BA0D /* RxCocoa */ = {
			isa = XCSwiftPackageProductDependency;
			package = C908284B2CDA6B760096BA0D /* XCRemoteSwiftPackageReference "RxSwift" */;
			productName = RxCocoa;
		};
		C908284E2CDA6B760096BA0D /* RxSwift */ = {
			isa = XCSwiftPackageProductDependency;
			package = C908284B2CDA6B760096BA0D /* XCRemoteSwiftPackageReference "RxSwift" */;
			productName = RxSwift;
		};
		C90828512CDA6BD90096BA0D /* Alamofire */ = {
			isa = XCSwiftPackageProductDependency;
			package = C90828502CDA6BD90096BA0D /* XCRemoteSwiftPackageReference "Alamofire" */;
			productName = Alamofire;
		};
		C90828542CDA6D6E0096BA0D /* Nuke */ = {
			isa = XCSwiftPackageProductDependency;
			package = C90828532CDA6D6E0096BA0D /* XCRemoteSwiftPackageReference "Nuke" */;
			productName = Nuke;
		};
		C90828572CDA6D910096BA0D /* SnapKit */ = {
			isa = XCSwiftPackageProductDependency;
			package = C90828562CDA6D910096BA0D /* XCRemoteSwiftPackageReference "SnapKit" */;
			productName = SnapKit;
		};
		C908285A2CDA6E940096BA0D /* RealmSwift */ = {
			isa = XCSwiftPackageProductDependency;
			package = C90828592CDA6E940096BA0D /* XCRemoteSwiftPackageReference "realm-swift" */;
			productName = RealmSwift;
		};
		C90828612CDA75CF0096BA0D /* RxKakaoSDKAuth */ = {
			isa = XCSwiftPackageProductDependency;
			package = C90828602CDA75CF0096BA0D /* XCRemoteSwiftPackageReference "kakao-ios-sdk-rx" */;
			productName = RxKakaoSDKAuth;
		};
		C90828632CDA75CF0096BA0D /* RxKakaoSDKCommon */ = {
			isa = XCSwiftPackageProductDependency;
			package = C90828602CDA75CF0096BA0D /* XCRemoteSwiftPackageReference "kakao-ios-sdk-rx" */;
			productName = RxKakaoSDKCommon;
		};
		DC9375792CEE330700012F43 /* SocketIO */ = {
			isa = XCSwiftPackageProductDependency;
			package = DC9375782CEE330700012F43 /* XCRemoteSwiftPackageReference "socket.io-client-swift" */;
			productName = SocketIO;
		};
/* End XCSwiftPackageProductDependency section */
	};
	rootObject = C9C279F82CDA315500243744 /* Project object */;
}
